{
  "projects": [
    {
      "projectId": "caTPwKxj5ZrD9LQ7DMdK4Z",
      "version": "3.44.0",
      "dependencies": {},
      "lang": "ts",
      "fileLocks": [
        {
          "assetId": "caTPwKxj5ZrD9LQ7DMdK4Z",
          "type": "projectCss",
          "checksum": "fd97b5780f8a68a1561c8818e6d31f40"
        }
      ],
      "codegenVersion": "0.0.1"
    },
    {
      "projectId": "sqPBLwEBBKHA2WDuGb17eV",
      "version": "2.8.0",
      "dependencies": {},
      "lang": "ts",
      "fileLocks": [
        {
          "type": "renderModule",
          "assetId": "5nirPCGmCnRD",
          "checksum": "ed9ead706dbfa84d4b9742dc46726812"
        },
        {
          "type": "cssRules",
          "assetId": "5nirPCGmCnRD",
          "checksum": "ed9ead706dbfa84d4b9742dc46726812"
        },
        {
          "type": "icon",
          "assetId": "Wyt3GMMsLefj",
          "checksum": "deaf3f5a9deac5496bb1f95e8d12632e"
        },
        {
          "type": "icon",
          "assetId": "MbDRsJU0e3bw",
          "checksum": "9d51d53684707877b3fd221333160d5b"
        },
        {
          "assetId": "sqPBLwEBBKHA2WDuGb17eV",
          "type": "projectCss",
          "checksum": "fd97b5780f8a68a1561c8818e6d31f40"
        }
      ],
      "codegenVersion": "0.0.1"
    },
    {
      "projectId": "gmeH6XgPaBtkt51HunAo4g",
      "version": "18.24.0",
      "dependencies": {},
      "lang": "ts",
      "fileLocks": [
        {
          "assetId": "gmeH6XgPaBtkt51HunAo4g",
          "type": "projectCss",
          "checksum": "fd97b5780f8a68a1561c8818e6d31f40"
        }
      ],
      "codegenVersion": "0.0.1"
    },
    {
      "projectId": "5dGW8Awro3qq8Hh5MveXLP",
      "version": "1.32.0",
      "dependencies": {},
      "lang": "ts",
      "fileLocks": [
        {
          "assetId": "5dGW8Awro3qq8Hh5MveXLP",
          "type": "projectCss",
          "checksum": "b9414fa94f191c32b1dd06b4ef7b0ad4"
        }
      ],
      "codegenVersion": "0.0.1"
    },
    {
      "projectId": "aEHVN5v6mfM4eovDsL8Z7d",
      "version": "0.5.0",
      "dependencies": {},
      "lang": "ts",
      "fileLocks": [
        {
          "assetId": "aEHVN5v6mfM4eovDsL8Z7d",
          "type": "projectCss",
          "checksum": "fd97b5780f8a68a1561c8818e6d31f40"
        }
      ],
      "codegenVersion": "0.0.1"
    },
    {
      "projectId": "ohDidvG9XsCeFumugENU3J",
      "version": "6.33.0",
      "dependencies": {},
      "lang": "ts",
      "fileLocks": [
        {
          "assetId": "ohDidvG9XsCeFumugENU3J",
          "checksum": "f9cc098ce5640eefe7d9edb8470a210c",
          "type": "globalContexts"
        },
        {
          "assetId": "ohDidvG9XsCeFumugENU3J",
          "type": "projectCss",
          "checksum": "90d914ab6827da8f06873ac8ab81cbfa"
        }
      ],
      "codegenVersion": "0.0.1"
    },
    {
      "projectId": "8PtdGodUbexNYgkuyBUcWu",
      "version": "3.31.0",
      "dependencies": {},
      "lang": "ts",
      "fileLocks": [
        {
          "assetId": "8PtdGodUbexNYgkuyBUcWu",
          "checksum": "73535dd5df0b6752ddefce5a51e0fa5e",
          "type": "globalContexts"
        },
        {
          "assetId": "8PtdGodUbexNYgkuyBUcWu",
          "type": "projectCss",
          "checksum": "088414e6e971a72681288a050fb2f7d7"
        }
      ],
      "codegenVersion": "0.0.1"
    },
    {
      "projectId": "58GpZjZCWTaJ8AUhpCwt2K",
      "version": "3.32.0",
      "dependencies": {},
      "lang": "ts",
      "fileLocks": [
        {
          "assetId": "58GpZjZCWTaJ8AUhpCwt2K",
          "type": "projectCss",
          "checksum": "b4cfca3020a1c748035158bb466abc3b"
        }
      ],
      "codegenVersion": "0.0.1"
    },
    {
      "projectId": "2X77A6CrJVTC8zJTD8qsTc",
      "version": "7.1.0",
      "dependencies": {
        "gmeH6XgPaBtkt51HunAo4g": "18.23.0",
        "sqPBLwEBBKHA2WDuGb17eV": "2.7.0",
        "caTPwKxj5ZrD9LQ7DMdK4Z": "3.43.0"
      },
      "lang": "ts",
      "fileLocks": [
        {
          "type": "globalVariant",
          "assetId": "mqI__86kQCt1",
          "checksum": "d63591797638a310f1ef89018bbe4257"
        },
        {
          "assetId": "2X77A6CrJVTC8zJTD8qsTc",
          "type": "projectCss",
          "checksum": "5d6f84c01f3c5b22beaec7b82593232f"
        },
        {
          "type": "renderModule",
          "assetId": "BFnTlSYwdY0-",
          "checksum": "3d4f8d4363811f86cdd12f74c5181b11"
        },
        {
          "type": "cssRules",
          "assetId": "BFnTlSYwdY0-",
          "checksum": "3d4f8d4363811f86cdd12f74c5181b11"
        },
        {
          "type": "renderModule",
          "assetId": "5qyh6D0EGyhW",
          "checksum": "3d9ccb1a7e7a2c1a1c82968c8e8b0d61"
        },
        {
          "type": "cssRules",
          "assetId": "5qyh6D0EGyhW",
          "checksum": "3d9ccb1a7e7a2c1a1c82968c8e8b0d61"
        },
        {
          "type": "renderModule",
          "assetId": "pN1B_aUf5QUi",
          "checksum": "380fffcd7fdd012cba2ec99d1def57d8"
        },
        {
          "type": "cssRules",
          "assetId": "pN1B_aUf5QUi",
          "checksum": "380fffcd7fdd012cba2ec99d1def57d8"
        },
        {
          "type": "renderModule",
          "assetId": "_gMBtmcmMLtW",
          "checksum": "1cdb16588bfb9ec307f2b002eb8be82a"
        },
        {
          "type": "cssRules",
          "assetId": "_gMBtmcmMLtW",
          "checksum": "1cdb16588bfb9ec307f2b002eb8be82a"
        },
        {
          "type": "renderModule",
          "assetId": "0HYvuiUx8N8b",
          "checksum": "5cede2cf3040aec647f60bd217c341b5"
        },
        {
          "type": "cssRules",
          "assetId": "0HYvuiUx8N8b",
          "checksum": "5cede2cf3040aec647f60bd217c341b5"
        },
        {
          "type": "renderModule",
          "assetId": "4JtC8N_iZ8lG",
          "checksum": "e66f5c71a8451f61a0b30041a0ac243c"
        },
        {
          "type": "cssRules",
          "assetId": "4JtC8N_iZ8lG",
          "checksum": "e66f5c71a8451f61a0b30041a0ac243c"
        },
        {
          "type": "renderModule",
          "assetId": "NsmwdTv6Wctf",
          "checksum": "135ea83d6a894575885fb6d6274b6641"
        },
        {
          "type": "cssRules",
          "assetId": "NsmwdTv6Wctf",
          "checksum": "135ea83d6a894575885fb6d6274b6641"
        },
        {
          "type": "renderModule",
          "assetId": "d47V2dv8lVsn",
          "checksum": "d9a71fae5d10aeaf31dd513ded1650b4"
        },
        {
          "type": "cssRules",
          "assetId": "d47V2dv8lVsn",
          "checksum": "d9a71fae5d10aeaf31dd513ded1650b4"
        },
        {
          "type": "renderModule",
          "assetId": "RwzANvZHxEoI",
          "checksum": "4768831bd7de5e89128b533859bf8a8c"
        },
        {
          "type": "cssRules",
          "assetId": "RwzANvZHxEoI",
          "checksum": "4768831bd7de5e89128b533859bf8a8c"
        },
        {
          "type": "icon",
          "assetId": "n4WDawyT-j_R",
          "checksum": "2374b00785e1356180222c0dec589996"
        },
        {
          "type": "icon",
          "assetId": "5EHYKqa8ukVe",
          "checksum": "569836c1c43fd3dd7dfdc1727e72d64b"
        },
        {
          "type": "icon",
          "assetId": "nxavLEaScQB0",
          "checksum": "83cc40c89072bd0fd501b6b12f10fca4"
        },
        {
          "type": "icon",
          "assetId": "fERQzs5dLOza",
          "checksum": "630ed88201ee31081f0023bb5164f1e7"
        },
        {
          "type": "icon",
          "assetId": "XxR6rXEBGfVK",
          "checksum": "4d2c96b23f0a935d9675e34448925edb"
        },
        {
          "type": "icon",
          "assetId": "6PwMmKV0vWOV",
          "checksum": "59282ccc9d132523ae37aee62a9e83b6"
        },
        {
          "type": "icon",
          "assetId": "lCRdysE2Y7Vf",
          "checksum": "a6572ac69f79fbadd6f4dbcd50bf7f8c"
        },
        {
          "type": "icon",
          "assetId": "fez3XE0FWBJg",
          "checksum": "f2a276bf8f479187d974e8dbd6c63fea"
        },
        {
          "type": "icon",
          "assetId": "8_3lfugHfD1E",
          "checksum": "1b9a603dc533dad694a9d2d63eb3fc0c"
        },
        {
          "type": "image",
          "assetId": "T7EM5nxgD38n",
          "checksum": "ed39fa4fe534f78d7ceaafdabe6b1753"
        },
        {
          "type": "image",
          "assetId": "YEohwsxAvY-m",
          "checksum": "8253460d45ea7f5455ad2370f80b9d1d"
        }
      ],
      "codegenVersion": "0.0.1"
    },
    {
      "projectId": "a37ZtVtYSDC6FmRkqCLyA3",
      "version": "latest",
      "dependencies": {
        "2X77A6CrJVTC8zJTD8qsTc": "7.1.0",
        "58GpZjZCWTaJ8AUhpCwt2K": "3.32.0",
        "8PtdGodUbexNYgkuyBUcWu": "3.31.0",
        "ohDidvG9XsCeFumugENU3J": "6.33.0",
        "gmeH6XgPaBtkt51HunAo4g": "18.24.0",
        "sqPBLwEBBKHA2WDuGb17eV": "2.8.0",
        "aEHVN5v6mfM4eovDsL8Z7d": "0.5.0",
        "caTPwKxj5ZrD9LQ7DMdK4Z": "3.44.0",
        "5dGW8Awro3qq8Hh5MveXLP": "1.32.0"
      },
      "lang": "ts",
      "fileLocks": [
        {
          "type": "globalVariant",
          "assetId": "o0p6iv2BWTGy",
          "checksum": "944275d049bf4d41a9f13f57c0061769"
        },
        {
          "assetId": "a37ZtVtYSDC6FmRkqCLyA3",
          "checksum": "3cb7c58510b3d2b565ce709cb186d0df",
          "type": "globalContexts"
        },
        {
          "type": "renderModule",
          "assetId": "H2AdtkVzvCjM",
          "checksum": "57e3d0c104356eb3ef14059b0d5adea6"
        },
        {
          "type": "cssRules",
          "assetId": "H2AdtkVzvCjM",
          "checksum": "57e3d0c104356eb3ef14059b0d5adea6"
        },
        {
          "type": "renderModule",
          "assetId": "SMwKCYL_mgrC",
          "checksum": "d93c208b2b40e84659bf440d6c048077"
        },
        {
          "type": "cssRules",
          "assetId": "SMwKCYL_mgrC",
          "checksum": "d93c208b2b40e84659bf440d6c048077"
        },
        {
          "type": "renderModule",
          "assetId": "D67pK0H5I63R",
          "checksum": "f0313586b80109f54381e3aaf302667d"
        },
        {
          "type": "cssRules",
          "assetId": "D67pK0H5I63R",
          "checksum": "f0313586b80109f54381e3aaf302667d"
        },
        {
          "type": "renderModule",
          "assetId": "8H5Tm-QyC1KR",
          "checksum": "caddc4ecd2ed7c94329c375f39a7f853"
        },
        {
          "type": "cssRules",
          "assetId": "8H5Tm-QyC1KR",
          "checksum": "caddc4ecd2ed7c94329c375f39a7f853"
        },
        {
          "type": "renderModule",
          "assetId": "etHRFAZvqD3X",
          "checksum": "5ce46f8adca4779a3accf8d346b8e634"
        },
        {
          "type": "cssRules",
          "assetId": "etHRFAZvqD3X",
          "checksum": "5ce46f8adca4779a3accf8d346b8e634"
        },
        {
          "type": "renderModule",
          "assetId": "Jy-FlIqpPuBk",
          "checksum": "69e68662ec2707e7beeeb1455b6e2637"
        },
        {
          "type": "cssRules",
          "assetId": "Jy-FlIqpPuBk",
          "checksum": "69e68662ec2707e7beeeb1455b6e2637"
        },
        {
          "type": "renderModule",
          "assetId": "RMcHo8XysU_a",
          "checksum": "3d9e1a2860633e880d45302a5d033a78"
        },
        {
          "type": "cssRules",
          "assetId": "RMcHo8XysU_a",
          "checksum": "3d9e1a2860633e880d45302a5d033a78"
        },
        {
          "type": "renderModule",
          "assetId": "tVfzeColxKZE",
          "checksum": "a549a512b238f2ddb8012412fa2a9f4a"
        },
        {
          "type": "cssRules",
          "assetId": "tVfzeColxKZE",
          "checksum": "a549a512b238f2ddb8012412fa2a9f4a"
        },
        {
          "type": "renderModule",
          "assetId": "HgVX1e0udXEm",
          "checksum": "7b1469d070b2021374eedec11dd49ccd"
        },
        {
          "type": "cssRules",
          "assetId": "HgVX1e0udXEm",
          "checksum": "7b1469d070b2021374eedec11dd49ccd"
        },
        {
          "type": "renderModule",
          "assetId": "3L64yj5mBk4M",
          "checksum": "1585e1af872d7771e73d046704b37712"
        },
        {
          "type": "cssRules",
          "assetId": "3L64yj5mBk4M",
          "checksum": "1585e1af872d7771e73d046704b37712"
        },
        {
          "type": "renderModule",
          "assetId": "YUgEz0X_nLe0",
          "checksum": "f3433dafd66f8b44f859c42e7a083878"
        },
        {
          "type": "cssRules",
          "assetId": "YUgEz0X_nLe0",
          "checksum": "f3433dafd66f8b44f859c42e7a083878"
        },
        {
          "type": "renderModule",
          "assetId": "4btCEaXk_wD-",
          "checksum": "fca34d340622c53a856f3d2caf939660"
        },
        {
          "type": "cssRules",
          "assetId": "4btCEaXk_wD-",
          "checksum": "fca34d340622c53a856f3d2caf939660"
        },
        {
          "type": "renderModule",
          "assetId": "FyvGr1rRjHhI",
          "checksum": "d30e8e201369e762a981aa8b92c28405"
        },
        {
          "type": "cssRules",
          "assetId": "FyvGr1rRjHhI",
          "checksum": "d30e8e201369e762a981aa8b92c28405"
        },
        {
          "type": "renderModule",
          "assetId": "BwpluhNBrLF1",
          "checksum": "18e2a838bcb07483de98ddcc5a04ef81"
        },
        {
          "type": "cssRules",
          "assetId": "BwpluhNBrLF1",
          "checksum": "18e2a838bcb07483de98ddcc5a04ef81"
        },
        {
          "type": "renderModule",
          "assetId": "aeS-XUk9mDhv",
          "checksum": "384245ae8b4a99f92b01b78ed592602f"
        },
        {
          "type": "cssRules",
          "assetId": "aeS-XUk9mDhv",
          "checksum": "384245ae8b4a99f92b01b78ed592602f"
        },
        {
          "type": "renderModule",
          "assetId": "hlYF0ZP41tLz",
          "checksum": "10bb1ae0d991f9adbfb19dad992512fc"
        },
        {
          "type": "cssRules",
          "assetId": "hlYF0ZP41tLz",
          "checksum": "10bb1ae0d991f9adbfb19dad992512fc"
        },
        {
          "type": "renderModule",
          "assetId": "CF1CwmaGqd6W",
          "checksum": "26b6cff37ff41fedd1dbe04f8446b650"
        },
        {
          "type": "cssRules",
          "assetId": "CF1CwmaGqd6W",
          "checksum": "26b6cff37ff41fedd1dbe04f8446b650"
        },
        {
          "type": "renderModule",
          "assetId": "vYB4XWv8WQir",
          "checksum": "3e3840a58c03eb79f62b2e40c734ea4c"
        },
        {
          "type": "cssRules",
          "assetId": "vYB4XWv8WQir",
          "checksum": "3e3840a58c03eb79f62b2e40c734ea4c"
        },
        {
          "type": "renderModule",
          "assetId": "lOFI_u-4x4my",
          "checksum": "f2cc94fd5685aeb333eacdd00c8f761c"
        },
        {
          "type": "cssRules",
          "assetId": "lOFI_u-4x4my",
          "checksum": "f2cc94fd5685aeb333eacdd00c8f761c"
        },
        {
          "type": "renderModule",
          "assetId": "o6bZuumfqGdp",
          "checksum": "8995012071ff6b0e366422443d0762e3"
        },
        {
          "type": "cssRules",
          "assetId": "o6bZuumfqGdp",
          "checksum": "8995012071ff6b0e366422443d0762e3"
        },
        {
          "type": "renderModule",
          "assetId": "z5Z6-wWeNfuS",
          "checksum": "d1df1cd43ae59f2413418c41c01ac8a1"
        },
        {
          "type": "cssRules",
          "assetId": "z5Z6-wWeNfuS",
          "checksum": "d1df1cd43ae59f2413418c41c01ac8a1"
        },
        {
          "type": "renderModule",
          "assetId": "PwmlIIsL14_x",
          "checksum": "9860a4b8b62cb8d10cbaa8e567fb9c98"
        },
        {
          "type": "cssRules",
          "assetId": "PwmlIIsL14_x",
          "checksum": "9860a4b8b62cb8d10cbaa8e567fb9c98"
        },
        {
          "type": "renderModule",
          "assetId": "FehyVo20I8ND",
          "checksum": "d60bf1ff3d560f7728c509dca3c61de4"
        },
        {
          "type": "cssRules",
          "assetId": "FehyVo20I8ND",
          "checksum": "d60bf1ff3d560f7728c509dca3c61de4"
        },
        {
          "type": "renderModule",
          "assetId": "Dfmc5H0xyay0",
          "checksum": "a5248df3ee43bf4a50eff40500b602b4"
        },
        {
          "type": "cssRules",
          "assetId": "Dfmc5H0xyay0",
          "checksum": "a5248df3ee43bf4a50eff40500b602b4"
        },
        {
          "type": "renderModule",
          "assetId": "IV-NswzJiDkA",
          "checksum": "158bdc233013c529aaec148da5052531"
        },
        {
          "type": "cssRules",
          "assetId": "IV-NswzJiDkA",
          "checksum": "158bdc233013c529aaec148da5052531"
        },
        {
          "type": "renderModule",
          "assetId": "HXH7JR-ZP-iD",
          "checksum": "37fd25b78b48b24c331523ee7b6ce028"
        },
        {
          "type": "cssRules",
          "assetId": "HXH7JR-ZP-iD",
          "checksum": "37fd25b78b48b24c331523ee7b6ce028"
        },
        {
          "type": "renderModule",
          "assetId": "kWTQGqg2Dx4y",
          "checksum": "d2393108cdd740e67d427d667bdf7dde"
        },
        {
          "type": "cssRules",
          "assetId": "kWTQGqg2Dx4y",
          "checksum": "d2393108cdd740e67d427d667bdf7dde"
        },
        {
          "type": "renderModule",
          "assetId": "zTdODAOAgstb",
          "checksum": "7a36aa9bda3201c49259c2520a7fa72a"
        },
        {
          "type": "cssRules",
          "assetId": "zTdODAOAgstb",
          "checksum": "7a36aa9bda3201c49259c2520a7fa72a"
        },
        {
          "type": "renderModule",
          "assetId": "DMJTnGkZeMiz",
          "checksum": "613fee1a58218d01cf09e6ef4edf739d"
        },
        {
          "type": "cssRules",
          "assetId": "DMJTnGkZeMiz",
          "checksum": "613fee1a58218d01cf09e6ef4edf739d"
        },
        {
          "type": "renderModule",
          "assetId": "v5Cemm665gp6",
          "checksum": "9814a0320dcb70f89a3fbacee76b0005"
        },
        {
          "type": "cssRules",
          "assetId": "v5Cemm665gp6",
          "checksum": "9814a0320dcb70f89a3fbacee76b0005"
        },
        {
          "type": "renderModule",
          "assetId": "MPQbn3WJ9nnV",
          "checksum": "c51e1e87aab18a4ccf804a8f1ad02905"
        },
        {
          "type": "cssRules",
          "assetId": "MPQbn3WJ9nnV",
          "checksum": "c51e1e87aab18a4ccf804a8f1ad02905"
        },
        {
          "type": "renderModule",
          "assetId": "tXJMudG_KgDC",
          "checksum": "95e490c154bf98e6c9ee7217588837e6"
        },
        {
          "type": "cssRules",
          "assetId": "tXJMudG_KgDC",
          "checksum": "95e490c154bf98e6c9ee7217588837e6"
        },
        {
          "type": "renderModule",
          "assetId": "AZ3lZ8OOy81U",
          "checksum": "5f16589223c23cb7b574e3e2e5f8f5ed"
        },
        {
          "type": "cssRules",
          "assetId": "AZ3lZ8OOy81U",
          "checksum": "5f16589223c23cb7b574e3e2e5f8f5ed"
        },
        {
          "type": "renderModule",
          "assetId": "yuSY12BxVzUt",
          "checksum": "2c82b36be6ed7389338af7ad3252fe86"
        },
        {
          "type": "cssRules",
          "assetId": "yuSY12BxVzUt",
          "checksum": "2c82b36be6ed7389338af7ad3252fe86"
        },
        {
          "type": "renderModule",
          "assetId": "qejRjjy-_3S9",
          "checksum": "0cfde18de1d658074c13557ceb20f055"
        },
        {
          "type": "cssRules",
          "assetId": "qejRjjy-_3S9",
          "checksum": "0cfde18de1d658074c13557ceb20f055"
        },
        {
          "type": "renderModule",
          "assetId": "qmGaLGxWODU7",
          "checksum": "a563dd87a9cec3f090752e5b6a07534d"
        },
        {
          "type": "cssRules",
          "assetId": "qmGaLGxWODU7",
          "checksum": "a563dd87a9cec3f090752e5b6a07534d"
        },
        {
          "type": "renderModule",
          "assetId": "yrDH-KZfpXl3",
          "checksum": "bd6429739483678bc549ce21631ab1f1"
        },
        {
          "type": "cssRules",
          "assetId": "yrDH-KZfpXl3",
          "checksum": "bd6429739483678bc549ce21631ab1f1"
        },
        {
          "type": "renderModule",
          "assetId": "NFpFCqntvWw_",
          "checksum": "c3853edf7946bd8f18a680d79957ef95"
        },
        {
          "type": "cssRules",
          "assetId": "NFpFCqntvWw_",
          "checksum": "c3853edf7946bd8f18a680d79957ef95"
        },
        {
          "type": "renderModule",
          "assetId": "V5DgyhAzYz_C",
          "checksum": "43f9e6cf6ac97077482ff662f98e6d9d"
        },
        {
          "type": "cssRules",
          "assetId": "V5DgyhAzYz_C",
          "checksum": "43f9e6cf6ac97077482ff662f98e6d9d"
        },
        {
          "type": "renderModule",
          "assetId": "GBScca95RuOo",
          "checksum": "15e79888e9fc4651c499242677d116c1"
        },
        {
          "type": "cssRules",
          "assetId": "GBScca95RuOo",
          "checksum": "15e79888e9fc4651c499242677d116c1"
        },
        {
          "type": "renderModule",
          "assetId": "n7ndL0BhVm4-",
          "checksum": "78355a9699cdc444661c37cd8472ba5a"
        },
        {
          "type": "cssRules",
          "assetId": "n7ndL0BhVm4-",
          "checksum": "78355a9699cdc444661c37cd8472ba5a"
        },
        {
          "type": "renderModule",
          "assetId": "eACF_em_NR97",
          "checksum": "365b5d34711f81a138e7ab15046e6b91"
        },
        {
          "type": "cssRules",
          "assetId": "eACF_em_NR97",
          "checksum": "365b5d34711f81a138e7ab15046e6b91"
        },
        {
          "type": "renderModule",
          "assetId": "f10SwOFmn0uO",
          "checksum": "403cd8cd02210c07dd7d2d096feb3124"
        },
        {
          "type": "cssRules",
          "assetId": "f10SwOFmn0uO",
          "checksum": "403cd8cd02210c07dd7d2d096feb3124"
        },
        {
          "type": "renderModule",
          "assetId": "nGhx_iZ2h_Jn",
          "checksum": "ee78136034b8efed5de7682a449dff86"
        },
        {
          "type": "cssRules",
          "assetId": "nGhx_iZ2h_Jn",
          "checksum": "ee78136034b8efed5de7682a449dff86"
        },
        {
          "type": "renderModule",
          "assetId": "HULKK0Icu5E3",
          "checksum": "3cedefb2405a8fc9fbbc74e7cedd1309"
        },
        {
          "type": "cssRules",
          "assetId": "HULKK0Icu5E3",
          "checksum": "3cedefb2405a8fc9fbbc74e7cedd1309"
        },
        {
          "type": "renderModule",
          "assetId": "I_HeW-rGK62W",
          "checksum": "48e8e9584b926bd7eae8d3aa3ca99bb6"
        },
        {
          "type": "cssRules",
          "assetId": "I_HeW-rGK62W",
          "checksum": "48e8e9584b926bd7eae8d3aa3ca99bb6"
        },
        {
          "type": "renderModule",
          "assetId": "b0WRwkBcq6Fa",
          "checksum": "68ad596b92816f3e46d60e097246ac14"
        },
        {
          "type": "cssRules",
          "assetId": "b0WRwkBcq6Fa",
          "checksum": "68ad596b92816f3e46d60e097246ac14"
        },
        {
          "type": "renderModule",
          "assetId": "rrP9wmPRaIEY",
          "checksum": "f576288bcdc230f646a4123d07d02e8f"
        },
        {
          "type": "cssRules",
          "assetId": "rrP9wmPRaIEY",
          "checksum": "f576288bcdc230f646a4123d07d02e8f"
        },
        {
          "type": "renderModule",
          "assetId": "Cz1go1zIfhZZ",
          "checksum": "764a1d0c1f3dc141471cd22d985b9b08"
        },
        {
          "type": "cssRules",
          "assetId": "Cz1go1zIfhZZ",
          "checksum": "764a1d0c1f3dc141471cd22d985b9b08"
        },
        {
          "type": "renderModule",
          "assetId": "3Q6eJgFktfuQ",
          "checksum": "7795bcb8c58a67fd99eac617ad71a6fc"
        },
        {
          "type": "cssRules",
          "assetId": "3Q6eJgFktfuQ",
          "checksum": "7795bcb8c58a67fd99eac617ad71a6fc"
        },
        {
          "type": "renderModule",
          "assetId": "vflzMD0cEG1j",
          "checksum": "fd7ddd8078d007add630dd4fc1d8a9e8"
        },
        {
          "type": "cssRules",
          "assetId": "vflzMD0cEG1j",
          "checksum": "fd7ddd8078d007add630dd4fc1d8a9e8"
        },
        {
          "type": "renderModule",
          "assetId": "Q5aLBQV7Zpaw",
          "checksum": "00bdfc4dd4b35243da3c77d71bce19aa"
        },
        {
          "type": "cssRules",
          "assetId": "Q5aLBQV7Zpaw",
          "checksum": "00bdfc4dd4b35243da3c77d71bce19aa"
        },
        {
          "type": "renderModule",
          "assetId": "nLQQ9UAUBUbY",
          "checksum": "a6c148cc2d7af2ce71d5f5ecb1b54e5c"
        },
        {
          "type": "cssRules",
          "assetId": "nLQQ9UAUBUbY",
          "checksum": "a6c148cc2d7af2ce71d5f5ecb1b54e5c"
        },
        {
          "type": "renderModule",
          "assetId": "TBGwfoojuj_s",
          "checksum": "94eb9ac23a5f32024d56e9003fd0adca"
        },
        {
          "type": "cssRules",
          "assetId": "TBGwfoojuj_s",
          "checksum": "94eb9ac23a5f32024d56e9003fd0adca"
        },
        {
          "type": "renderModule",
          "assetId": "XEFn2jGZQC6Q",
          "checksum": "0150787d3a46e9f93edb08c5c78d7c58"
        },
        {
          "type": "cssRules",
          "assetId": "XEFn2jGZQC6Q",
          "checksum": "0150787d3a46e9f93edb08c5c78d7c58"
        },
        {
          "type": "renderModule",
          "assetId": "-kGhM5VnTq5-",
          "checksum": "3c9d23ff103ed898fa4dd5b1c7c0d326"
        },
        {
          "type": "cssRules",
          "assetId": "-kGhM5VnTq5-",
          "checksum": "3c9d23ff103ed898fa4dd5b1c7c0d326"
        },
        {
          "type": "renderModule",
          "assetId": "eklDzLBBF2Fs",
          "checksum": "83fe8a8808a49a7000b9a404f672fee4"
        },
        {
          "type": "cssRules",
          "assetId": "eklDzLBBF2Fs",
          "checksum": "83fe8a8808a49a7000b9a404f672fee4"
        },
        {
          "type": "renderModule",
          "assetId": "TkXLJDEhkWy5",
          "checksum": "6658eaf28066fb6f247fb73e662fc015"
        },
        {
          "type": "cssRules",
          "assetId": "TkXLJDEhkWy5",
          "checksum": "6658eaf28066fb6f247fb73e662fc015"
        },
        {
          "type": "icon",
          "assetId": "RJhoy2uXebLi",
          "checksum": "4efad3eb8b5400913e395d502db6152e"
        },
        {
          "type": "icon",
          "assetId": "N5pcwqnXvyIA",
          "checksum": "a6e2ca1b3d58392a632401b38932827c"
        },
        {
          "type": "icon",
          "assetId": "Nqq266_PyMMr",
          "checksum": "171c4c3c7a9095991fabe4fa4413e60d"
        },
        {
          "type": "icon",
          "assetId": "Uqo7FkSg5bDB",
          "checksum": "9a283867139d17ebfe349de257e3a25e"
        },
        {
          "type": "icon",
          "assetId": "QzW1A_-yy5wC",
          "checksum": "fe03708344a2191f40fc75025682c7ba"
        },
        {
          "type": "icon",
          "assetId": "y8dKN7f6cAcg",
          "checksum": "31f862e20450a775055e05f33b427b74"
        },
        {
          "type": "icon",
          "assetId": "-Krn7G6yGJ24",
          "checksum": "ffa77122e3004857e0097fd91374713b"
        },
        {
          "type": "icon",
          "assetId": "FRb_xRn_jsVb",
          "checksum": "59f7bf1c339a2a039efebb59fbee19be"
        },
        {
          "type": "icon",
          "assetId": "Aa7-zKZ5il4D",
          "checksum": "6feaec26efeb3e35af87c49b988a71f2"
        },
        {
          "type": "icon",
          "assetId": "qmyVvZ-cKgA7",
          "checksum": "a76a2b3b63cef11a2134027a5563a59d"
        },
        {
          "type": "icon",
          "assetId": "FDJVtRFwW-v3",
          "checksum": "73a63eee2610c7c12e67004a80de7ef8"
        },
        {
          "type": "icon",
          "assetId": "YZnu0BGKqfAx",
          "checksum": "5bec1c7301e5abf30baf0f2c42f28025"
        },
        {
          "type": "icon",
          "assetId": "gEvgt8XMJi6n",
          "checksum": "9c014029eead9227793fad6cae82c6e1"
        },
        {
          "type": "icon",
          "assetId": "VXepQJCQjLRp",
          "checksum": "1e3d2a5fb551d8cf25d9d71f837bf4db"
        },
        {
          "type": "icon",
          "assetId": "L81G61vIx8Jz",
          "checksum": "18823d16a9bb56f23b5fb9508632f224"
        },
        {
          "type": "icon",
          "assetId": "dBMGk_1G9adU",
          "checksum": "8b7ded5006d5637a58e1a0981e112f57"
        },
        {
          "type": "icon",
          "assetId": "irm0LfovoQ30",
          "checksum": "0411adec7331eca4f88204f7a6724683"
        },
        {
          "type": "icon",
          "assetId": "m9a2gWg7CKMZ",
          "checksum": "5c5a1a786cd354646c0a0a04761fc578"
        },
        {
          "type": "icon",
          "assetId": "cqd6vif5shJt",
          "checksum": "794cd54c26425d216af24b3d486a88c0"
        },
        {
          "type": "icon",
          "assetId": "djixLveZj3dZ",
          "checksum": "ce6e701c3ee696a91714b83cd197308c"
        },
        {
          "type": "icon",
          "assetId": "y4HO7C4mXdpM",
          "checksum": "ebb54710ade0e1e250a2f256de53bae2"
        },
        {
          "type": "icon",
          "assetId": "vfjOzqyXVw0B",
          "checksum": "f46c47b007096d26dde335afe91b1fed"
        },
        {
          "type": "icon",
          "assetId": "jwvhv7uUCavY",
          "checksum": "8bcc2651a7244bc9e76eaec663247b99"
        },
        {
          "type": "icon",
          "assetId": "r_oLB18904TM",
          "checksum": "10336025edb9598bb6c514c54c09140d"
        },
        {
          "type": "icon",
          "assetId": "cPFZLkeWzW9q",
          "checksum": "152ca9ce0154776557bf56fee0ebd97a"
        },
        {
          "type": "icon",
          "assetId": "qjqRxaSKggf6",
          "checksum": "79e1397ac968d08a5eb25ceaae7e5256"
        },
        {
          "type": "icon",
          "assetId": "661nEHocwV7y",
          "checksum": "58a1e9a0c0a9ef054f2ed1a0211524a3"
        },
        {
          "type": "icon",
          "assetId": "1Xd6dHg9tsaq",
          "checksum": "b45c4351ac76b4cb80d3bba7982ad8ab"
        },
        {
          "type": "icon",
          "assetId": "EWmc4xh6S23L",
          "checksum": "fc5344a9e2131d2772049bee809f2e77"
        },
        {
          "type": "icon",
          "assetId": "x-B0c-1mf1j1",
          "checksum": "9c9355b894aee472830ab71de56bba18"
        },
        {
          "type": "icon",
          "assetId": "EYm8WNjOOVtF",
          "checksum": "cc8936860b1a669bd8328f5cf7f65ffa"
        },
        {
          "type": "icon",
          "assetId": "lJCBcApDldfA",
          "checksum": "dca5d307fb9d0f32661ea23e261c2330"
        },
        {
          "type": "icon",
          "assetId": "XOmeUNcoMU1p",
          "checksum": "528cc00150b921c8125be9be5921bd49"
        },
        {
          "type": "icon",
          "assetId": "EpzLaLJB5Jbg",
          "checksum": "9110090ef71e4161be0b5fb75c14001d"
        },
        {
          "type": "icon",
          "assetId": "XxMRFqgVTs2_",
          "checksum": "5bdcab352626c148dd461f4c9714f09d"
        },
        {
          "type": "icon",
          "assetId": "hiKE_LYloP9D",
          "checksum": "1631a8e6138b107e8f1e5568cbab2e9a"
        },
        {
          "type": "icon",
          "assetId": "9N5H-rOFV_bu",
          "checksum": "0589e70e0ea311099e6b38774ce61b44"
        },
        {
          "type": "icon",
          "assetId": "_umAlhVt9xRo",
          "checksum": "564c2d6de45f588107eae6850df0c1a8"
        },
        {
          "type": "icon",
          "assetId": "5pFFMCb26X34",
          "checksum": "7b3813e02f84d4b62a7d049b33099535"
        },
        {
          "type": "icon",
          "assetId": "SZ3fJaOdVuuD",
          "checksum": "565e02619c204c2bdb1d7a4a8c4e3c43"
        },
        {
          "type": "icon",
          "assetId": "6nCbZoQrlmtR",
          "checksum": "ae93bb2044dff59ae3e179bceaff78b2"
        },
        {
          "type": "icon",
          "assetId": "-VPFWWv7xijb",
          "checksum": "b66705b324785c05015bad6b3d9c9a89"
        },
        {
          "type": "icon",
          "assetId": "vB451mzkjfyo",
          "checksum": "e95b824e69b425934dd22b8ca1387335"
        },
        {
          "type": "icon",
          "assetId": "tyQgj-QIZz3j",
          "checksum": "b8af91b64dee39690c259a89cdb19b0e"
        },
        {
          "type": "icon",
          "assetId": "TFtNIVhN9Wom",
          "checksum": "461ea9bafb80bd3ac56e2bd5e9472cc8"
        },
        {
          "type": "icon",
          "assetId": "EehhDuyfL7cD",
          "checksum": "bb6f853711463181279aaad9d5c86529"
        },
        {
          "type": "icon",
          "assetId": "6_nZ62T2xzfF",
          "checksum": "c3ac6a9564772633c07b7b8e3b59bc95"
        },
        {
          "type": "icon",
          "assetId": "S1Zz3vf4WniY",
          "checksum": "1d3ed21673750cd80a965748f4021cc8"
        },
        {
          "type": "icon",
          "assetId": "VAVlAq7L0BHo",
          "checksum": "d5103baa7680ea2f0e0e7f944b95968f"
        },
        {
          "type": "icon",
          "assetId": "TkD4udXWFnik",
          "checksum": "63fcc5f3d7fadd39e3175d2cf956c4e4"
        },
        {
          "type": "icon",
          "assetId": "DQwOsaFY71Mq",
          "checksum": "9489421218792ef39a135ed9a0bfa385"
        },
        {
          "type": "icon",
          "assetId": "PNl4g-HAg44L",
          "checksum": "5a5bbe9032650596d4482ccbd2f8f3c1"
        },
        {
          "type": "icon",
          "assetId": "htSCY1RVmr1Z",
          "checksum": "647a5cc702e58810f33fb10bc472b8ed"
        },
        {
          "type": "icon",
          "assetId": "VVeQgijoWczy",
          "checksum": "f967330c28753d56afef274364625ccb"
        },
        {
          "type": "image",
          "assetId": "KRJqPWMlQggx",
          "checksum": "8dc711440485994d5bdd3cb17a6d164a"
        },
        {
          "type": "image",
          "assetId": "gReFPNOLzNC3",
          "checksum": "f0909d3acedbea530efd48344a9a2935"
        },
        {
          "type": "renderModule",
          "assetId": "6bHlyAAYDDD1",
          "checksum": "16e3b5e8b9db8c0aa871360a6848718c"
        },
        {
          "type": "cssRules",
          "assetId": "6bHlyAAYDDD1",
          "checksum": "16e3b5e8b9db8c0aa871360a6848718c"
        },
        {
          "type": "renderModule",
          "assetId": "-uRlja6eTV8U",
          "checksum": "bacf539f60212f9fd94bc650001790ae"
        },
        {
          "type": "cssRules",
          "assetId": "-uRlja6eTV8U",
          "checksum": "bacf539f60212f9fd94bc650001790ae"
        },
        {
          "type": "icon",
          "assetId": "ol26aUpgzldx",
          "checksum": "7e54995899db11b8bf2dfb13fd1361f9"
        },
        {
          "type": "image",
          "assetId": "pQG0AxB_2qgY",
          "checksum": "fc7d3f1f56ce90de36735bbfba915a2c"
        },
        {
          "type": "globalVariant",
          "assetId": "G0urM0rvD4xu",
          "checksum": "8a288c92e26e2ac01b281ff22d47e670"
        },
        {
          "assetId": "a37ZtVtYSDC6FmRkqCLyA3",
          "type": "projectCss",
          "checksum": "e1cef41b6d4b476f7044a2099a7fe54a"
        }
      ],
      "codegenVersion": "0.0.1"
    }
  ],
  "cliVersion": "0.1.340"
}
