{
  "projects": [
    {
      "projectId": "caTPwKxj5ZrD9LQ7DMdK4Z",
      "version": "3.43.0",
      "dependencies": {},
      "lang": "ts",
      "fileLocks": [
        {
          "assetId": "caTPwKxj5ZrD9LQ7DMdK4Z",
          "type": "projectCss",
          "checksum": "1c02168c6b23256606111fdfdbb63549"
        }
      ],
      "codegenVersion": "0.0.1"
    },
    {
      "projectId": "sqPBLwEBBKHA2WDuGb17eV",
      "version": "2.7.0",
      "dependencies": {},
      "lang": "ts",
      "fileLocks": [
        {
          "assetId": "sqPBLwEBBKHA2WDuGb17eV",
          "type": "projectCss",
          "checksum": "1c02168c6b23256606111fdfdbb63549"
        },
        {
          "type": "renderModule",
          "assetId": "5nirPCGmCnRD",
          "checksum": "e5ee25bb49ee212adb1cc02727636ade"
        },
        {
          "type": "cssRules",
          "assetId": "5nirPCGmCnRD",
          "checksum": "e5ee25bb49ee212adb1cc02727636ade"
        },
        {
          "type": "icon",
          "assetId": "Wyt3GMMsLefj",
          "checksum": "deaf3f5a9deac5496bb1f95e8d12632e"
        },
        {
          "type": "icon",
          "assetId": "MbDRsJU0e3bw",
          "checksum": "9d51d53684707877b3fd221333160d5b"
        }
      ],
      "codegenVersion": "0.0.1"
    },
    {
      "projectId": "gmeH6XgPaBtkt51HunAo4g",
      "version": "18.23.0",
      "dependencies": {},
      "lang": "ts",
      "fileLocks": [
        {
          "assetId": "gmeH6XgPaBtkt51HunAo4g",
          "type": "projectCss",
          "checksum": "1c02168c6b23256606111fdfdbb63549"
        }
      ],
      "codegenVersion": "0.0.1"
    },
    {
      "projectId": "5dGW8Awro3qq8Hh5MveXLP",
      "version": "1.31.0",
      "dependencies": {},
      "lang": "ts",
      "fileLocks": [
        {
          "assetId": "5dGW8Awro3qq8Hh5MveXLP",
          "type": "projectCss",
          "checksum": "853dbe64f7ebbe0fdaa1ab72cf5b53e6"
        }
      ],
      "codegenVersion": "0.0.1"
    },
    {
      "projectId": "aEHVN5v6mfM4eovDsL8Z7d",
      "version": "0.4.0",
      "dependencies": {},
      "lang": "ts",
      "fileLocks": [
        {
          "assetId": "aEHVN5v6mfM4eovDsL8Z7d",
          "type": "projectCss",
          "checksum": "1c02168c6b23256606111fdfdbb63549"
        }
      ],
      "codegenVersion": "0.0.1"
    },
    {
      "projectId": "ohDidvG9XsCeFumugENU3J",
      "version": "6.32.0",
      "dependencies": {},
      "lang": "ts",
      "fileLocks": [
        {
          "assetId": "ohDidvG9XsCeFumugENU3J",
          "type": "projectCss",
          "checksum": "ba2a60a163fca4f4d510275088a2be53"
        },
        {
          "assetId": "ohDidvG9XsCeFumugENU3J",
          "checksum": "f9cc098ce5640eefe7d9edb8470a210c",
          "type": "globalContexts"
        }
      ],
      "codegenVersion": "0.0.1"
    },
    {
      "projectId": "8PtdGodUbexNYgkuyBUcWu",
      "version": "3.30.0",
      "dependencies": {},
      "lang": "ts",
      "fileLocks": [
        {
          "assetId": "8PtdGodUbexNYgkuyBUcWu",
          "type": "projectCss",
          "checksum": "9440f91b1e8169311ba244276a5922c3"
        },
        {
          "assetId": "8PtdGodUbexNYgkuyBUcWu",
          "checksum": "73535dd5df0b6752ddefce5a51e0fa5e",
          "type": "globalContexts"
        }
      ],
      "codegenVersion": "0.0.1"
    },
    {
      "projectId": "58GpZjZCWTaJ8AUhpCwt2K",
      "version": "3.31.0",
      "dependencies": {},
      "lang": "ts",
      "fileLocks": [
        {
          "assetId": "58GpZjZCWTaJ8AUhpCwt2K",
          "type": "projectCss",
          "checksum": "f0469e206244772473ab64f50be898f9"
        }
      ],
      "codegenVersion": "0.0.1"
    },
    {
      "projectId": "2X77A6CrJVTC8zJTD8qsTc",
      "version": "7.1.0",
      "dependencies": {
        "gmeH6XgPaBtkt51HunAo4g": "18.23.0",
        "sqPBLwEBBKHA2WDuGb17eV": "2.7.0",
        "caTPwKxj5ZrD9LQ7DMdK4Z": "3.43.0"
      },
      "lang": "ts",
      "fileLocks": [
        {
          "type": "globalVariant",
          "assetId": "mqI__86kQCt1",
          "checksum": "d63591797638a310f1ef89018bbe4257"
        },
        {
          "assetId": "2X77A6CrJVTC8zJTD8qsTc",
          "type": "projectCss",
          "checksum": "5d6f84c01f3c5b22beaec7b82593232f"
        },
        {
          "type": "renderModule",
          "assetId": "BFnTlSYwdY0-",
          "checksum": "3d4f8d4363811f86cdd12f74c5181b11"
        },
        {
          "type": "cssRules",
          "assetId": "BFnTlSYwdY0-",
          "checksum": "3d4f8d4363811f86cdd12f74c5181b11"
        },
        {
          "type": "renderModule",
          "assetId": "5qyh6D0EGyhW",
          "checksum": "3d9ccb1a7e7a2c1a1c82968c8e8b0d61"
        },
        {
          "type": "cssRules",
          "assetId": "5qyh6D0EGyhW",
          "checksum": "3d9ccb1a7e7a2c1a1c82968c8e8b0d61"
        },
        {
          "type": "renderModule",
          "assetId": "pN1B_aUf5QUi",
          "checksum": "380fffcd7fdd012cba2ec99d1def57d8"
        },
        {
          "type": "cssRules",
          "assetId": "pN1B_aUf5QUi",
          "checksum": "380fffcd7fdd012cba2ec99d1def57d8"
        },
        {
          "type": "renderModule",
          "assetId": "_gMBtmcmMLtW",
          "checksum": "1cdb16588bfb9ec307f2b002eb8be82a"
        },
        {
          "type": "cssRules",
          "assetId": "_gMBtmcmMLtW",
          "checksum": "1cdb16588bfb9ec307f2b002eb8be82a"
        },
        {
          "type": "renderModule",
          "assetId": "0HYvuiUx8N8b",
          "checksum": "5cede2cf3040aec647f60bd217c341b5"
        },
        {
          "type": "cssRules",
          "assetId": "0HYvuiUx8N8b",
          "checksum": "5cede2cf3040aec647f60bd217c341b5"
        },
        {
          "type": "renderModule",
          "assetId": "4JtC8N_iZ8lG",
          "checksum": "e66f5c71a8451f61a0b30041a0ac243c"
        },
        {
          "type": "cssRules",
          "assetId": "4JtC8N_iZ8lG",
          "checksum": "e66f5c71a8451f61a0b30041a0ac243c"
        },
        {
          "type": "renderModule",
          "assetId": "NsmwdTv6Wctf",
          "checksum": "135ea83d6a894575885fb6d6274b6641"
        },
        {
          "type": "cssRules",
          "assetId": "NsmwdTv6Wctf",
          "checksum": "135ea83d6a894575885fb6d6274b6641"
        },
        {
          "type": "renderModule",
          "assetId": "d47V2dv8lVsn",
          "checksum": "d9a71fae5d10aeaf31dd513ded1650b4"
        },
        {
          "type": "cssRules",
          "assetId": "d47V2dv8lVsn",
          "checksum": "d9a71fae5d10aeaf31dd513ded1650b4"
        },
        {
          "type": "renderModule",
          "assetId": "RwzANvZHxEoI",
          "checksum": "4768831bd7de5e89128b533859bf8a8c"
        },
        {
          "type": "cssRules",
          "assetId": "RwzANvZHxEoI",
          "checksum": "4768831bd7de5e89128b533859bf8a8c"
        },
        {
          "type": "icon",
          "assetId": "n4WDawyT-j_R",
          "checksum": "2374b00785e1356180222c0dec589996"
        },
        {
          "type": "icon",
          "assetId": "5EHYKqa8ukVe",
          "checksum": "569836c1c43fd3dd7dfdc1727e72d64b"
        },
        {
          "type": "icon",
          "assetId": "nxavLEaScQB0",
          "checksum": "83cc40c89072bd0fd501b6b12f10fca4"
        },
        {
          "type": "icon",
          "assetId": "fERQzs5dLOza",
          "checksum": "630ed88201ee31081f0023bb5164f1e7"
        },
        {
          "type": "icon",
          "assetId": "XxR6rXEBGfVK",
          "checksum": "4d2c96b23f0a935d9675e34448925edb"
        },
        {
          "type": "icon",
          "assetId": "6PwMmKV0vWOV",
          "checksum": "59282ccc9d132523ae37aee62a9e83b6"
        },
        {
          "type": "icon",
          "assetId": "lCRdysE2Y7Vf",
          "checksum": "a6572ac69f79fbadd6f4dbcd50bf7f8c"
        },
        {
          "type": "icon",
          "assetId": "fez3XE0FWBJg",
          "checksum": "f2a276bf8f479187d974e8dbd6c63fea"
        },
        {
          "type": "icon",
          "assetId": "8_3lfugHfD1E",
          "checksum": "1b9a603dc533dad694a9d2d63eb3fc0c"
        },
        {
          "type": "image",
          "assetId": "T7EM5nxgD38n",
          "checksum": "ed39fa4fe534f78d7ceaafdabe6b1753"
        },
        {
          "type": "image",
          "assetId": "YEohwsxAvY-m",
          "checksum": "8253460d45ea7f5455ad2370f80b9d1d"
        }
      ],
      "codegenVersion": "0.0.1"
    },
    {
      "projectId": "a37ZtVtYSDC6FmRkqCLyA3",
      "version": "latest",
      "dependencies": {
        "2X77A6CrJVTC8zJTD8qsTc": "7.1.0",
        "58GpZjZCWTaJ8AUhpCwt2K": "3.31.0",
        "8PtdGodUbexNYgkuyBUcWu": "3.30.0",
        "ohDidvG9XsCeFumugENU3J": "6.32.0",
        "gmeH6XgPaBtkt51HunAo4g": "18.23.0",
        "sqPBLwEBBKHA2WDuGb17eV": "2.7.0",
        "aEHVN5v6mfM4eovDsL8Z7d": "0.4.0",
        "caTPwKxj5ZrD9LQ7DMdK4Z": "3.43.0",
        "5dGW8Awro3qq8Hh5MveXLP": "1.31.0"
      },
      "lang": "ts",
      "fileLocks": [
        {
          "type": "globalVariant",
          "assetId": "o0p6iv2BWTGy",
          "checksum": "944275d049bf4d41a9f13f57c0061769"
        },
        {
          "assetId": "a37ZtVtYSDC6FmRkqCLyA3",
          "checksum": "dd0629898e417c31edc58ead08cc2946",
          "type": "globalContexts"
        },
        {
          "type": "renderModule",
          "assetId": "H2AdtkVzvCjM",
          "checksum": "9dda125d752b7d91e07c18d078ab6025"
        },
        {
          "type": "cssRules",
          "assetId": "H2AdtkVzvCjM",
          "checksum": "9dda125d752b7d91e07c18d078ab6025"
        },
        {
          "type": "renderModule",
          "assetId": "SMwKCYL_mgrC",
          "checksum": "a96e70570c9526fd1f7b80b3c116c9d2"
        },
        {
          "type": "cssRules",
          "assetId": "SMwKCYL_mgrC",
          "checksum": "a96e70570c9526fd1f7b80b3c116c9d2"
        },
        {
          "type": "renderModule",
          "assetId": "D67pK0H5I63R",
          "checksum": "32a60a2a7b284ecded8f5cf4a8814692"
        },
        {
          "type": "cssRules",
          "assetId": "D67pK0H5I63R",
          "checksum": "32a60a2a7b284ecded8f5cf4a8814692"
        },
        {
          "type": "renderModule",
          "assetId": "8H5Tm-QyC1KR",
          "checksum": "ad23cf0da8b5883773cef8b01eb9c12b"
        },
        {
          "type": "cssRules",
          "assetId": "8H5Tm-QyC1KR",
          "checksum": "ad23cf0da8b5883773cef8b01eb9c12b"
        },
        {
          "type": "renderModule",
          "assetId": "etHRFAZvqD3X",
          "checksum": "bf29956855de96674ba41e2732f7a09f"
        },
        {
          "type": "cssRules",
          "assetId": "etHRFAZvqD3X",
          "checksum": "bf29956855de96674ba41e2732f7a09f"
        },
        {
          "type": "renderModule",
          "assetId": "Jy-FlIqpPuBk",
          "checksum": "2bfc34e626718bbfd4f31fe1411b6f77"
        },
        {
          "type": "cssRules",
          "assetId": "Jy-FlIqpPuBk",
          "checksum": "2bfc34e626718bbfd4f31fe1411b6f77"
        },
        {
          "type": "renderModule",
          "assetId": "RMcHo8XysU_a",
          "checksum": "dffde8adabd5bbbb984912c5bb58dac1"
        },
        {
          "type": "cssRules",
          "assetId": "RMcHo8XysU_a",
          "checksum": "dffde8adabd5bbbb984912c5bb58dac1"
        },
        {
          "type": "renderModule",
          "assetId": "tVfzeColxKZE",
          "checksum": "896995e633f138e3773b6c8320ec9320"
        },
        {
          "type": "cssRules",
          "assetId": "tVfzeColxKZE",
          "checksum": "896995e633f138e3773b6c8320ec9320"
        },
        {
          "type": "renderModule",
          "assetId": "HgVX1e0udXEm",
          "checksum": "e83dc7b12afb3b653edbe3f75c568f4b"
        },
        {
          "type": "cssRules",
          "assetId": "HgVX1e0udXEm",
          "checksum": "e83dc7b12afb3b653edbe3f75c568f4b"
        },
        {
          "type": "renderModule",
          "assetId": "3L64yj5mBk4M",
          "checksum": "5680dbfb3fd1d48b1954b7f357a9fe80"
        },
        {
          "type": "cssRules",
          "assetId": "3L64yj5mBk4M",
          "checksum": "5680dbfb3fd1d48b1954b7f357a9fe80"
        },
        {
          "type": "renderModule",
          "assetId": "YUgEz0X_nLe0",
          "checksum": "efbaa3b6259f0e174e72929d76cf89e7"
        },
        {
          "type": "cssRules",
          "assetId": "YUgEz0X_nLe0",
          "checksum": "efbaa3b6259f0e174e72929d76cf89e7"
        },
        {
          "type": "renderModule",
          "assetId": "4btCEaXk_wD-",
          "checksum": "5f6c4a872c77e929ff9c773523119c16"
        },
        {
          "type": "cssRules",
          "assetId": "4btCEaXk_wD-",
          "checksum": "5f6c4a872c77e929ff9c773523119c16"
        },
        {
          "type": "renderModule",
          "assetId": "FyvGr1rRjHhI",
          "checksum": "d0e0e0f208b4b6661167406b54679452"
        },
        {
          "type": "cssRules",
          "assetId": "FyvGr1rRjHhI",
          "checksum": "d0e0e0f208b4b6661167406b54679452"
        },
        {
          "type": "renderModule",
          "assetId": "BwpluhNBrLF1",
          "checksum": "b8cb2140e692bd1e2021d625d15d225f"
        },
        {
          "type": "cssRules",
          "assetId": "BwpluhNBrLF1",
          "checksum": "b8cb2140e692bd1e2021d625d15d225f"
        },
        {
          "type": "renderModule",
          "assetId": "aeS-XUk9mDhv",
          "checksum": "f6af3f58a9969dd2940bfb815909d730"
        },
        {
          "type": "cssRules",
          "assetId": "aeS-XUk9mDhv",
          "checksum": "f6af3f58a9969dd2940bfb815909d730"
        },
        {
          "type": "renderModule",
          "assetId": "hlYF0ZP41tLz",
          "checksum": "8b352daea219144492d010e320c6e28d"
        },
        {
          "type": "cssRules",
          "assetId": "hlYF0ZP41tLz",
          "checksum": "8b352daea219144492d010e320c6e28d"
        },
        {
          "type": "renderModule",
          "assetId": "CF1CwmaGqd6W",
          "checksum": "ddacd0edc840c090f6134a4e051fe582"
        },
        {
          "type": "cssRules",
          "assetId": "CF1CwmaGqd6W",
          "checksum": "ddacd0edc840c090f6134a4e051fe582"
        },
        {
          "type": "renderModule",
          "assetId": "vYB4XWv8WQir",
          "checksum": "d0df4800dea7aa3ed865eaacffc47c02"
        },
        {
          "type": "cssRules",
          "assetId": "vYB4XWv8WQir",
          "checksum": "d0df4800dea7aa3ed865eaacffc47c02"
        },
        {
          "type": "renderModule",
          "assetId": "lOFI_u-4x4my",
          "checksum": "9f169125f20143e9a182b31a17a6510a"
        },
        {
          "type": "cssRules",
          "assetId": "lOFI_u-4x4my",
          "checksum": "9f169125f20143e9a182b31a17a6510a"
        },
        {
          "type": "renderModule",
          "assetId": "o6bZuumfqGdp",
          "checksum": "40dda1c764116aa1bb8078168f4a9010"
        },
        {
          "type": "cssRules",
          "assetId": "o6bZuumfqGdp",
          "checksum": "40dda1c764116aa1bb8078168f4a9010"
        },
        {
          "type": "renderModule",
          "assetId": "z5Z6-wWeNfuS",
          "checksum": "7086d177e560c3af13dd50aa49c56043"
        },
        {
          "type": "cssRules",
          "assetId": "z5Z6-wWeNfuS",
          "checksum": "7086d177e560c3af13dd50aa49c56043"
        },
        {
          "type": "renderModule",
          "assetId": "PwmlIIsL14_x",
          "checksum": "9ce67014a7161743d825d64ddbe6f90c"
        },
        {
          "type": "cssRules",
          "assetId": "PwmlIIsL14_x",
          "checksum": "9ce67014a7161743d825d64ddbe6f90c"
        },
        {
          "type": "renderModule",
          "assetId": "FehyVo20I8ND",
          "checksum": "bc1b558564825314f96973c68d306fa7"
        },
        {
          "type": "cssRules",
          "assetId": "FehyVo20I8ND",
          "checksum": "bc1b558564825314f96973c68d306fa7"
        },
        {
          "type": "renderModule",
          "assetId": "Dfmc5H0xyay0",
          "checksum": "149d59347e5a26143e89cbcbc22dee87"
        },
        {
          "type": "cssRules",
          "assetId": "Dfmc5H0xyay0",
          "checksum": "149d59347e5a26143e89cbcbc22dee87"
        },
        {
          "type": "renderModule",
          "assetId": "IV-NswzJiDkA",
          "checksum": "50560c69966efd35b34ce96fc577c2f9"
        },
        {
          "type": "cssRules",
          "assetId": "IV-NswzJiDkA",
          "checksum": "50560c69966efd35b34ce96fc577c2f9"
        },
        {
          "type": "renderModule",
          "assetId": "HXH7JR-ZP-iD",
          "checksum": "230fb5a96008fbf45a1885eefa1f4b18"
        },
        {
          "type": "cssRules",
          "assetId": "HXH7JR-ZP-iD",
          "checksum": "230fb5a96008fbf45a1885eefa1f4b18"
        },
        {
          "type": "renderModule",
          "assetId": "kWTQGqg2Dx4y",
          "checksum": "74ba8face3c435ffabe6cb9d184779e3"
        },
        {
          "type": "cssRules",
          "assetId": "kWTQGqg2Dx4y",
          "checksum": "74ba8face3c435ffabe6cb9d184779e3"
        },
        {
          "type": "renderModule",
          "assetId": "zTdODAOAgstb",
          "checksum": "ed4ae9616d898629e05ee63d2bfb6737"
        },
        {
          "type": "cssRules",
          "assetId": "zTdODAOAgstb",
          "checksum": "ed4ae9616d898629e05ee63d2bfb6737"
        },
        {
          "type": "renderModule",
          "assetId": "DMJTnGkZeMiz",
          "checksum": "c8979abadc80cf6ff21f6ca5c1a6e592"
        },
        {
          "type": "cssRules",
          "assetId": "DMJTnGkZeMiz",
          "checksum": "c8979abadc80cf6ff21f6ca5c1a6e592"
        },
        {
          "type": "renderModule",
          "assetId": "v5Cemm665gp6",
          "checksum": "6b238091b25fa77c5239e865acda393a"
        },
        {
          "type": "cssRules",
          "assetId": "v5Cemm665gp6",
          "checksum": "6b238091b25fa77c5239e865acda393a"
        },
        {
          "type": "renderModule",
          "assetId": "MPQbn3WJ9nnV",
          "checksum": "19001921af5fe4db2db26b94eb3220c5"
        },
        {
          "type": "cssRules",
          "assetId": "MPQbn3WJ9nnV",
          "checksum": "19001921af5fe4db2db26b94eb3220c5"
        },
        {
          "type": "renderModule",
          "assetId": "tXJMudG_KgDC",
          "checksum": "a2b67d73276493c88e88be57461a3490"
        },
        {
          "type": "cssRules",
          "assetId": "tXJMudG_KgDC",
          "checksum": "a2b67d73276493c88e88be57461a3490"
        },
        {
          "type": "renderModule",
          "assetId": "AZ3lZ8OOy81U",
          "checksum": "83a9ea9877b00602ac37889899a88cc5"
        },
        {
          "type": "cssRules",
          "assetId": "AZ3lZ8OOy81U",
          "checksum": "83a9ea9877b00602ac37889899a88cc5"
        },
        {
          "type": "renderModule",
          "assetId": "yuSY12BxVzUt",
          "checksum": "19397a57aa021257e4b6159dc29cac89"
        },
        {
          "type": "cssRules",
          "assetId": "yuSY12BxVzUt",
          "checksum": "19397a57aa021257e4b6159dc29cac89"
        },
        {
          "type": "renderModule",
          "assetId": "qejRjjy-_3S9",
          "checksum": "f0144c90b12a3822cf2c622c7f3dc757"
        },
        {
          "type": "cssRules",
          "assetId": "qejRjjy-_3S9",
          "checksum": "f0144c90b12a3822cf2c622c7f3dc757"
        },
        {
          "type": "renderModule",
          "assetId": "qmGaLGxWODU7",
          "checksum": "04881bfe1f972c0c4a9353c2bed8abf5"
        },
        {
          "type": "cssRules",
          "assetId": "qmGaLGxWODU7",
          "checksum": "04881bfe1f972c0c4a9353c2bed8abf5"
        },
        {
          "type": "renderModule",
          "assetId": "yrDH-KZfpXl3",
          "checksum": "72797facd1f5cd1a614989157a308151"
        },
        {
          "type": "cssRules",
          "assetId": "yrDH-KZfpXl3",
          "checksum": "72797facd1f5cd1a614989157a308151"
        },
        {
          "type": "renderModule",
          "assetId": "NFpFCqntvWw_",
          "checksum": "068ef8370e8e2e6b1b7ae92345d49459"
        },
        {
          "type": "cssRules",
          "assetId": "NFpFCqntvWw_",
          "checksum": "068ef8370e8e2e6b1b7ae92345d49459"
        },
        {
          "type": "renderModule",
          "assetId": "V5DgyhAzYz_C",
          "checksum": "d1f7f710d5fd04464bb719bfb0596ca0"
        },
        {
          "type": "cssRules",
          "assetId": "V5DgyhAzYz_C",
          "checksum": "d1f7f710d5fd04464bb719bfb0596ca0"
        },
        {
          "type": "renderModule",
          "assetId": "GBScca95RuOo",
          "checksum": "438ed617a534af4ed8ed76ef79a4af9d"
        },
        {
          "type": "cssRules",
          "assetId": "GBScca95RuOo",
          "checksum": "438ed617a534af4ed8ed76ef79a4af9d"
        },
        {
          "type": "renderModule",
          "assetId": "n7ndL0BhVm4-",
          "checksum": "b7c7e1b4cafafa89f5d601acc41e0e55"
        },
        {
          "type": "cssRules",
          "assetId": "n7ndL0BhVm4-",
          "checksum": "b7c7e1b4cafafa89f5d601acc41e0e55"
        },
        {
          "type": "renderModule",
          "assetId": "eACF_em_NR97",
          "checksum": "9086ce2983ce1930b987119f866ac44b"
        },
        {
          "type": "cssRules",
          "assetId": "eACF_em_NR97",
          "checksum": "9086ce2983ce1930b987119f866ac44b"
        },
        {
          "type": "renderModule",
          "assetId": "f10SwOFmn0uO",
          "checksum": "32635fb018e03debab319ffd69e86329"
        },
        {
          "type": "cssRules",
          "assetId": "f10SwOFmn0uO",
          "checksum": "32635fb018e03debab319ffd69e86329"
        },
        {
          "type": "renderModule",
          "assetId": "nGhx_iZ2h_Jn",
          "checksum": "6876a032ee420cf30920a8a9676f8df4"
        },
        {
          "type": "cssRules",
          "assetId": "nGhx_iZ2h_Jn",
          "checksum": "6876a032ee420cf30920a8a9676f8df4"
        },
        {
          "type": "renderModule",
          "assetId": "HULKK0Icu5E3",
          "checksum": "fcf7873039c1ca57d7d7622a9d071ce8"
        },
        {
          "type": "cssRules",
          "assetId": "HULKK0Icu5E3",
          "checksum": "fcf7873039c1ca57d7d7622a9d071ce8"
        },
        {
          "type": "renderModule",
          "assetId": "I_HeW-rGK62W",
          "checksum": "90338980de21dc0f8bad96b277019943"
        },
        {
          "type": "cssRules",
          "assetId": "I_HeW-rGK62W",
          "checksum": "90338980de21dc0f8bad96b277019943"
        },
        {
          "type": "renderModule",
          "assetId": "b0WRwkBcq6Fa",
          "checksum": "7238510e73b6f7b8622dd2ee0de2d4f9"
        },
        {
          "type": "cssRules",
          "assetId": "b0WRwkBcq6Fa",
          "checksum": "7238510e73b6f7b8622dd2ee0de2d4f9"
        },
        {
          "type": "renderModule",
          "assetId": "rrP9wmPRaIEY",
          "checksum": "236ac2357c183baeeb48841f5d9491f0"
        },
        {
          "type": "cssRules",
          "assetId": "rrP9wmPRaIEY",
          "checksum": "236ac2357c183baeeb48841f5d9491f0"
        },
        {
          "type": "renderModule",
          "assetId": "Cz1go1zIfhZZ",
          "checksum": "7a4ca7f54d01bcba1a58c903eea8142a"
        },
        {
          "type": "cssRules",
          "assetId": "Cz1go1zIfhZZ",
          "checksum": "7a4ca7f54d01bcba1a58c903eea8142a"
        },
        {
          "type": "renderModule",
          "assetId": "3Q6eJgFktfuQ",
          "checksum": "0d41f4f213deb48ab167e21db68d4e11"
        },
        {
          "type": "cssRules",
          "assetId": "3Q6eJgFktfuQ",
          "checksum": "0d41f4f213deb48ab167e21db68d4e11"
        },
        {
          "type": "renderModule",
          "assetId": "vflzMD0cEG1j",
          "checksum": "c84587b295971f25ceb9fc9e454e3026"
        },
        {
          "type": "cssRules",
          "assetId": "vflzMD0cEG1j",
          "checksum": "c84587b295971f25ceb9fc9e454e3026"
        },
        {
          "type": "renderModule",
          "assetId": "Q5aLBQV7Zpaw",
          "checksum": "d1fc0152279c98c33f9178fc6be6fab0"
        },
        {
          "type": "cssRules",
          "assetId": "Q5aLBQV7Zpaw",
          "checksum": "d1fc0152279c98c33f9178fc6be6fab0"
        },
        {
          "type": "renderModule",
          "assetId": "nLQQ9UAUBUbY",
          "checksum": "a3665d492bff144fba9abc00fe7a6c8c"
        },
        {
          "type": "cssRules",
          "assetId": "nLQQ9UAUBUbY",
          "checksum": "a3665d492bff144fba9abc00fe7a6c8c"
        },
        {
          "type": "renderModule",
          "assetId": "TBGwfoojuj_s",
          "checksum": "ed8fe7f9a86bda8844deb8471e907886"
        },
        {
          "type": "cssRules",
          "assetId": "TBGwfoojuj_s",
          "checksum": "ed8fe7f9a86bda8844deb8471e907886"
        },
        {
          "type": "renderModule",
          "assetId": "XEFn2jGZQC6Q",
          "checksum": "9b3fbfd0ad09c4debea45a89049f27b6"
        },
        {
          "type": "cssRules",
          "assetId": "XEFn2jGZQC6Q",
          "checksum": "9b3fbfd0ad09c4debea45a89049f27b6"
        },
        {
          "type": "renderModule",
          "assetId": "-kGhM5VnTq5-",
          "checksum": "62dc36486fa9fec84345bb6b0be07cc0"
        },
        {
          "type": "cssRules",
          "assetId": "-kGhM5VnTq5-",
          "checksum": "62dc36486fa9fec84345bb6b0be07cc0"
        },
        {
          "type": "renderModule",
          "assetId": "eklDzLBBF2Fs",
          "checksum": "025be4a834c32e2733d7e7c64cfdcf2c"
        },
        {
          "type": "cssRules",
          "assetId": "eklDzLBBF2Fs",
          "checksum": "025be4a834c32e2733d7e7c64cfdcf2c"
        },
        {
          "type": "renderModule",
          "assetId": "TkXLJDEhkWy5",
          "checksum": "50175d4662ddb632cf459a36c6b15075"
        },
        {
          "type": "cssRules",
          "assetId": "TkXLJDEhkWy5",
          "checksum": "50175d4662ddb632cf459a36c6b15075"
        },
        {
          "type": "icon",
          "assetId": "RJhoy2uXebLi",
          "checksum": "4efad3eb8b5400913e395d502db6152e"
        },
        {
          "type": "icon",
          "assetId": "N5pcwqnXvyIA",
          "checksum": "a6e2ca1b3d58392a632401b38932827c"
        },
        {
          "type": "icon",
          "assetId": "Nqq266_PyMMr",
          "checksum": "171c4c3c7a9095991fabe4fa4413e60d"
        },
        {
          "type": "icon",
          "assetId": "Uqo7FkSg5bDB",
          "checksum": "9a283867139d17ebfe349de257e3a25e"
        },
        {
          "type": "icon",
          "assetId": "QzW1A_-yy5wC",
          "checksum": "fe03708344a2191f40fc75025682c7ba"
        },
        {
          "type": "icon",
          "assetId": "y8dKN7f6cAcg",
          "checksum": "31f862e20450a775055e05f33b427b74"
        },
        {
          "type": "icon",
          "assetId": "-Krn7G6yGJ24",
          "checksum": "ffa77122e3004857e0097fd91374713b"
        },
        {
          "type": "icon",
          "assetId": "FRb_xRn_jsVb",
          "checksum": "59f7bf1c339a2a039efebb59fbee19be"
        },
        {
          "type": "icon",
          "assetId": "Aa7-zKZ5il4D",
          "checksum": "6feaec26efeb3e35af87c49b988a71f2"
        },
        {
          "type": "icon",
          "assetId": "qmyVvZ-cKgA7",
          "checksum": "a76a2b3b63cef11a2134027a5563a59d"
        },
        {
          "type": "icon",
          "assetId": "FDJVtRFwW-v3",
          "checksum": "73a63eee2610c7c12e67004a80de7ef8"
        },
        {
          "type": "icon",
          "assetId": "YZnu0BGKqfAx",
          "checksum": "5bec1c7301e5abf30baf0f2c42f28025"
        },
        {
          "type": "icon",
          "assetId": "gEvgt8XMJi6n",
          "checksum": "9c014029eead9227793fad6cae82c6e1"
        },
        {
          "type": "icon",
          "assetId": "VXepQJCQjLRp",
          "checksum": "1e3d2a5fb551d8cf25d9d71f837bf4db"
        },
        {
          "type": "icon",
          "assetId": "L81G61vIx8Jz",
          "checksum": "18823d16a9bb56f23b5fb9508632f224"
        },
        {
          "type": "icon",
          "assetId": "dBMGk_1G9adU",
          "checksum": "8b7ded5006d5637a58e1a0981e112f57"
        },
        {
          "type": "icon",
          "assetId": "irm0LfovoQ30",
          "checksum": "0411adec7331eca4f88204f7a6724683"
        },
        {
          "type": "icon",
          "assetId": "m9a2gWg7CKMZ",
          "checksum": "5c5a1a786cd354646c0a0a04761fc578"
        },
        {
          "type": "icon",
          "assetId": "cqd6vif5shJt",
          "checksum": "794cd54c26425d216af24b3d486a88c0"
        },
        {
          "type": "icon",
          "assetId": "djixLveZj3dZ",
          "checksum": "ce6e701c3ee696a91714b83cd197308c"
        },
        {
          "type": "icon",
          "assetId": "y4HO7C4mXdpM",
          "checksum": "ebb54710ade0e1e250a2f256de53bae2"
        },
        {
          "type": "icon",
          "assetId": "vfjOzqyXVw0B",
          "checksum": "f46c47b007096d26dde335afe91b1fed"
        },
        {
          "type": "icon",
          "assetId": "jwvhv7uUCavY",
          "checksum": "8bcc2651a7244bc9e76eaec663247b99"
        },
        {
          "type": "icon",
          "assetId": "r_oLB18904TM",
          "checksum": "10336025edb9598bb6c514c54c09140d"
        },
        {
          "type": "icon",
          "assetId": "cPFZLkeWzW9q",
          "checksum": "152ca9ce0154776557bf56fee0ebd97a"
        },
        {
          "type": "icon",
          "assetId": "qjqRxaSKggf6",
          "checksum": "79e1397ac968d08a5eb25ceaae7e5256"
        },
        {
          "type": "icon",
          "assetId": "661nEHocwV7y",
          "checksum": "58a1e9a0c0a9ef054f2ed1a0211524a3"
        },
        {
          "type": "icon",
          "assetId": "1Xd6dHg9tsaq",
          "checksum": "b45c4351ac76b4cb80d3bba7982ad8ab"
        },
        {
          "type": "icon",
          "assetId": "EWmc4xh6S23L",
          "checksum": "fc5344a9e2131d2772049bee809f2e77"
        },
        {
          "type": "icon",
          "assetId": "x-B0c-1mf1j1",
          "checksum": "9c9355b894aee472830ab71de56bba18"
        },
        {
          "type": "icon",
          "assetId": "EYm8WNjOOVtF",
          "checksum": "cc8936860b1a669bd8328f5cf7f65ffa"
        },
        {
          "type": "icon",
          "assetId": "lJCBcApDldfA",
          "checksum": "dca5d307fb9d0f32661ea23e261c2330"
        },
        {
          "type": "icon",
          "assetId": "XOmeUNcoMU1p",
          "checksum": "528cc00150b921c8125be9be5921bd49"
        },
        {
          "type": "icon",
          "assetId": "EpzLaLJB5Jbg",
          "checksum": "9110090ef71e4161be0b5fb75c14001d"
        },
        {
          "type": "icon",
          "assetId": "XxMRFqgVTs2_",
          "checksum": "5bdcab352626c148dd461f4c9714f09d"
        },
        {
          "type": "icon",
          "assetId": "hiKE_LYloP9D",
          "checksum": "1631a8e6138b107e8f1e5568cbab2e9a"
        },
        {
          "type": "icon",
          "assetId": "9N5H-rOFV_bu",
          "checksum": "0589e70e0ea311099e6b38774ce61b44"
        },
        {
          "type": "icon",
          "assetId": "_umAlhVt9xRo",
          "checksum": "564c2d6de45f588107eae6850df0c1a8"
        },
        {
          "type": "icon",
          "assetId": "5pFFMCb26X34",
          "checksum": "7b3813e02f84d4b62a7d049b33099535"
        },
        {
          "type": "icon",
          "assetId": "SZ3fJaOdVuuD",
          "checksum": "565e02619c204c2bdb1d7a4a8c4e3c43"
        },
        {
          "type": "icon",
          "assetId": "6nCbZoQrlmtR",
          "checksum": "ae93bb2044dff59ae3e179bceaff78b2"
        },
        {
          "type": "icon",
          "assetId": "-VPFWWv7xijb",
          "checksum": "b66705b324785c05015bad6b3d9c9a89"
        },
        {
          "type": "icon",
          "assetId": "vB451mzkjfyo",
          "checksum": "e95b824e69b425934dd22b8ca1387335"
        },
        {
          "type": "icon",
          "assetId": "tyQgj-QIZz3j",
          "checksum": "b8af91b64dee39690c259a89cdb19b0e"
        },
        {
          "type": "icon",
          "assetId": "TFtNIVhN9Wom",
          "checksum": "461ea9bafb80bd3ac56e2bd5e9472cc8"
        },
        {
          "type": "icon",
          "assetId": "EehhDuyfL7cD",
          "checksum": "bb6f853711463181279aaad9d5c86529"
        },
        {
          "type": "icon",
          "assetId": "6_nZ62T2xzfF",
          "checksum": "c3ac6a9564772633c07b7b8e3b59bc95"
        },
        {
          "type": "icon",
          "assetId": "S1Zz3vf4WniY",
          "checksum": "1d3ed21673750cd80a965748f4021cc8"
        },
        {
          "type": "icon",
          "assetId": "VAVlAq7L0BHo",
          "checksum": "d5103baa7680ea2f0e0e7f944b95968f"
        },
        {
          "type": "icon",
          "assetId": "TkD4udXWFnik",
          "checksum": "63fcc5f3d7fadd39e3175d2cf956c4e4"
        },
        {
          "type": "icon",
          "assetId": "DQwOsaFY71Mq",
          "checksum": "9489421218792ef39a135ed9a0bfa385"
        },
        {
          "type": "icon",
          "assetId": "PNl4g-HAg44L",
          "checksum": "5a5bbe9032650596d4482ccbd2f8f3c1"
        },
        {
          "type": "icon",
          "assetId": "htSCY1RVmr1Z",
          "checksum": "647a5cc702e58810f33fb10bc472b8ed"
        },
        {
          "type": "icon",
          "assetId": "VVeQgijoWczy",
          "checksum": "f967330c28753d56afef274364625ccb"
        },
        {
          "type": "image",
          "assetId": "KRJqPWMlQggx",
          "checksum": "8dc711440485994d5bdd3cb17a6d164a"
        },
        {
          "type": "image",
          "assetId": "gReFPNOLzNC3",
          "checksum": "f0909d3acedbea530efd48344a9a2935"
        },
        {
          "type": "renderModule",
          "assetId": "6bHlyAAYDDD1",
          "checksum": "23b81dea38576792cf169c1f419079f9"
        },
        {
          "type": "cssRules",
          "assetId": "6bHlyAAYDDD1",
          "checksum": "23b81dea38576792cf169c1f419079f9"
        },
        {
          "type": "renderModule",
          "assetId": "-uRlja6eTV8U",
          "checksum": "87321b138fbde621ef3b1d2a41199198"
        },
        {
          "type": "cssRules",
          "assetId": "-uRlja6eTV8U",
          "checksum": "87321b138fbde621ef3b1d2a41199198"
        },
        {
          "type": "icon",
          "assetId": "ol26aUpgzldx",
          "checksum": "7e54995899db11b8bf2dfb13fd1361f9"
        },
        {
          "type": "image",
          "assetId": "pQG0AxB_2qgY",
          "checksum": "fc7d3f1f56ce90de36735bbfba915a2c"
        },
        {
          "assetId": "a37ZtVtYSDC6FmRkqCLyA3",
          "type": "projectCss",
          "checksum": "e139e2405787cb26de1b9b724eaa01a2"
        }
      ],
      "codegenVersion": "0.0.1"
    }
  ],
  "cliVersion": "0.1.340"
}
