{
  "projects": [
    {
      "projectId": "caTPwKxj5ZrD9LQ7DMdK4Z",
      "version": "3.43.0",
      "dependencies": {},
      "lang": "ts",
      "fileLocks": [
        {
          "assetId": "caTPwKxj5ZrD9LQ7DMdK4Z",
          "type": "projectCss",
          "checksum": "1c02168c6b23256606111fdfdbb63549"
        }
      ],
      "codegenVersion": "0.0.1"
    },
    {
      "projectId": "sqPBLwEBBKHA2WDuGb17eV",
      "version": "2.7.0",
      "dependencies": {},
      "lang": "ts",
      "fileLocks": [
        {
          "assetId": "sqPBLwEBBKHA2WDuGb17eV",
          "type": "projectCss",
          "checksum": "1c02168c6b23256606111fdfdbb63549"
        },
        {
          "type": "renderModule",
          "assetId": "5nirPCGmCnRD",
          "checksum": "e5ee25bb49ee212adb1cc02727636ade"
        },
        {
          "type": "cssRules",
          "assetId": "5nirPCGmCnRD",
          "checksum": "e5ee25bb49ee212adb1cc02727636ade"
        },
        {
          "type": "icon",
          "assetId": "Wyt3GMMsLefj",
          "checksum": "deaf3f5a9deac5496bb1f95e8d12632e"
        },
        {
          "type": "icon",
          "assetId": "MbDRsJU0e3bw",
          "checksum": "9d51d53684707877b3fd221333160d5b"
        }
      ],
      "codegenVersion": "0.0.1"
    },
    {
      "projectId": "gmeH6XgPaBtkt51HunAo4g",
      "version": "18.23.0",
      "dependencies": {},
      "lang": "ts",
      "fileLocks": [
        {
          "assetId": "gmeH6XgPaBtkt51HunAo4g",
          "type": "projectCss",
          "checksum": "1c02168c6b23256606111fdfdbb63549"
        }
      ],
      "codegenVersion": "0.0.1"
    },
    {
      "projectId": "5dGW8Awro3qq8Hh5MveXLP",
      "version": "1.31.0",
      "dependencies": {},
      "lang": "ts",
      "fileLocks": [
        {
          "assetId": "5dGW8Awro3qq8Hh5MveXLP",
          "type": "projectCss",
          "checksum": "853dbe64f7ebbe0fdaa1ab72cf5b53e6"
        }
      ],
      "codegenVersion": "0.0.1"
    },
    {
      "projectId": "aEHVN5v6mfM4eovDsL8Z7d",
      "version": "0.4.0",
      "dependencies": {},
      "lang": "ts",
      "fileLocks": [
        {
          "assetId": "aEHVN5v6mfM4eovDsL8Z7d",
          "type": "projectCss",
          "checksum": "1c02168c6b23256606111fdfdbb63549"
        }
      ],
      "codegenVersion": "0.0.1"
    },
    {
      "projectId": "ohDidvG9XsCeFumugENU3J",
      "version": "6.32.0",
      "dependencies": {},
      "lang": "ts",
      "fileLocks": [
        {
          "assetId": "ohDidvG9XsCeFumugENU3J",
          "type": "projectCss",
          "checksum": "ba2a60a163fca4f4d510275088a2be53"
        },
        {
          "assetId": "ohDidvG9XsCeFumugENU3J",
          "checksum": "f9cc098ce5640eefe7d9edb8470a210c",
          "type": "globalContexts"
        }
      ],
      "codegenVersion": "0.0.1"
    },
    {
      "projectId": "8PtdGodUbexNYgkuyBUcWu",
      "version": "3.30.0",
      "dependencies": {},
      "lang": "ts",
      "fileLocks": [
        {
          "assetId": "8PtdGodUbexNYgkuyBUcWu",
          "type": "projectCss",
          "checksum": "9440f91b1e8169311ba244276a5922c3"
        },
        {
          "assetId": "8PtdGodUbexNYgkuyBUcWu",
          "checksum": "73535dd5df0b6752ddefce5a51e0fa5e",
          "type": "globalContexts"
        }
      ],
      "codegenVersion": "0.0.1"
    },
    {
      "projectId": "58GpZjZCWTaJ8AUhpCwt2K",
      "version": "3.31.0",
      "dependencies": {},
      "lang": "ts",
      "fileLocks": [
        {
          "assetId": "58GpZjZCWTaJ8AUhpCwt2K",
          "type": "projectCss",
          "checksum": "f0469e206244772473ab64f50be898f9"
        }
      ],
      "codegenVersion": "0.0.1"
    },
    {
      "projectId": "2X77A6CrJVTC8zJTD8qsTc",
      "version": "7.1.0",
      "dependencies": {
        "gmeH6XgPaBtkt51HunAo4g": "18.23.0",
        "sqPBLwEBBKHA2WDuGb17eV": "2.7.0",
        "caTPwKxj5ZrD9LQ7DMdK4Z": "3.43.0"
      },
      "lang": "ts",
      "fileLocks": [
        {
          "type": "globalVariant",
          "assetId": "mqI__86kQCt1",
          "checksum": "d63591797638a310f1ef89018bbe4257"
        },
        {
          "assetId": "2X77A6CrJVTC8zJTD8qsTc",
          "type": "projectCss",
          "checksum": "5d6f84c01f3c5b22beaec7b82593232f"
        },
        {
          "type": "renderModule",
          "assetId": "BFnTlSYwdY0-",
          "checksum": "3d4f8d4363811f86cdd12f74c5181b11"
        },
        {
          "type": "cssRules",
          "assetId": "BFnTlSYwdY0-",
          "checksum": "3d4f8d4363811f86cdd12f74c5181b11"
        },
        {
          "type": "renderModule",
          "assetId": "5qyh6D0EGyhW",
          "checksum": "3d9ccb1a7e7a2c1a1c82968c8e8b0d61"
        },
        {
          "type": "cssRules",
          "assetId": "5qyh6D0EGyhW",
          "checksum": "3d9ccb1a7e7a2c1a1c82968c8e8b0d61"
        },
        {
          "type": "renderModule",
          "assetId": "pN1B_aUf5QUi",
          "checksum": "380fffcd7fdd012cba2ec99d1def57d8"
        },
        {
          "type": "cssRules",
          "assetId": "pN1B_aUf5QUi",
          "checksum": "380fffcd7fdd012cba2ec99d1def57d8"
        },
        {
          "type": "renderModule",
          "assetId": "_gMBtmcmMLtW",
          "checksum": "1cdb16588bfb9ec307f2b002eb8be82a"
        },
        {
          "type": "cssRules",
          "assetId": "_gMBtmcmMLtW",
          "checksum": "1cdb16588bfb9ec307f2b002eb8be82a"
        },
        {
          "type": "renderModule",
          "assetId": "0HYvuiUx8N8b",
          "checksum": "5cede2cf3040aec647f60bd217c341b5"
        },
        {
          "type": "cssRules",
          "assetId": "0HYvuiUx8N8b",
          "checksum": "5cede2cf3040aec647f60bd217c341b5"
        },
        {
          "type": "renderModule",
          "assetId": "4JtC8N_iZ8lG",
          "checksum": "e66f5c71a8451f61a0b30041a0ac243c"
        },
        {
          "type": "cssRules",
          "assetId": "4JtC8N_iZ8lG",
          "checksum": "e66f5c71a8451f61a0b30041a0ac243c"
        },
        {
          "type": "renderModule",
          "assetId": "NsmwdTv6Wctf",
          "checksum": "135ea83d6a894575885fb6d6274b6641"
        },
        {
          "type": "cssRules",
          "assetId": "NsmwdTv6Wctf",
          "checksum": "135ea83d6a894575885fb6d6274b6641"
        },
        {
          "type": "renderModule",
          "assetId": "d47V2dv8lVsn",
          "checksum": "d9a71fae5d10aeaf31dd513ded1650b4"
        },
        {
          "type": "cssRules",
          "assetId": "d47V2dv8lVsn",
          "checksum": "d9a71fae5d10aeaf31dd513ded1650b4"
        },
        {
          "type": "renderModule",
          "assetId": "RwzANvZHxEoI",
          "checksum": "4768831bd7de5e89128b533859bf8a8c"
        },
        {
          "type": "cssRules",
          "assetId": "RwzANvZHxEoI",
          "checksum": "4768831bd7de5e89128b533859bf8a8c"
        },
        {
          "type": "icon",
          "assetId": "n4WDawyT-j_R",
          "checksum": "2374b00785e1356180222c0dec589996"
        },
        {
          "type": "icon",
          "assetId": "5EHYKqa8ukVe",
          "checksum": "569836c1c43fd3dd7dfdc1727e72d64b"
        },
        {
          "type": "icon",
          "assetId": "nxavLEaScQB0",
          "checksum": "83cc40c89072bd0fd501b6b12f10fca4"
        },
        {
          "type": "icon",
          "assetId": "fERQzs5dLOza",
          "checksum": "630ed88201ee31081f0023bb5164f1e7"
        },
        {
          "type": "icon",
          "assetId": "XxR6rXEBGfVK",
          "checksum": "4d2c96b23f0a935d9675e34448925edb"
        },
        {
          "type": "icon",
          "assetId": "6PwMmKV0vWOV",
          "checksum": "59282ccc9d132523ae37aee62a9e83b6"
        },
        {
          "type": "icon",
          "assetId": "lCRdysE2Y7Vf",
          "checksum": "a6572ac69f79fbadd6f4dbcd50bf7f8c"
        },
        {
          "type": "icon",
          "assetId": "fez3XE0FWBJg",
          "checksum": "f2a276bf8f479187d974e8dbd6c63fea"
        },
        {
          "type": "icon",
          "assetId": "8_3lfugHfD1E",
          "checksum": "1b9a603dc533dad694a9d2d63eb3fc0c"
        },
        {
          "type": "image",
          "assetId": "T7EM5nxgD38n",
          "checksum": "ed39fa4fe534f78d7ceaafdabe6b1753"
        },
        {
          "type": "image",
          "assetId": "YEohwsxAvY-m",
          "checksum": "8253460d45ea7f5455ad2370f80b9d1d"
        }
      ],
      "codegenVersion": "0.0.1"
    },
    {
      "projectId": "a37ZtVtYSDC6FmRkqCLyA3",
      "version": "latest",
      "dependencies": {
        "2X77A6CrJVTC8zJTD8qsTc": "7.1.0",
        "58GpZjZCWTaJ8AUhpCwt2K": "3.31.0",
        "8PtdGodUbexNYgkuyBUcWu": "3.30.0",
        "ohDidvG9XsCeFumugENU3J": "6.32.0",
        "gmeH6XgPaBtkt51HunAo4g": "18.23.0",
        "sqPBLwEBBKHA2WDuGb17eV": "2.7.0",
        "aEHVN5v6mfM4eovDsL8Z7d": "0.4.0",
        "caTPwKxj5ZrD9LQ7DMdK4Z": "3.43.0",
        "5dGW8Awro3qq8Hh5MveXLP": "1.31.0"
      },
      "lang": "ts",
      "fileLocks": [
        {
          "type": "globalVariant",
          "assetId": "o0p6iv2BWTGy",
          "checksum": "944275d049bf4d41a9f13f57c0061769"
        },
        {
          "assetId": "a37ZtVtYSDC6FmRkqCLyA3",
          "checksum": "6a27d96954de25982e7f1045bc702094",
          "type": "globalContexts"
        },
        {
          "type": "renderModule",
          "assetId": "H2AdtkVzvCjM",
          "checksum": "279587d8d19ef2aa1ace4322583744c4"
        },
        {
          "type": "cssRules",
          "assetId": "H2AdtkVzvCjM",
          "checksum": "279587d8d19ef2aa1ace4322583744c4"
        },
        {
          "type": "renderModule",
          "assetId": "SMwKCYL_mgrC",
          "checksum": "0ff4662853881cf58eee29326afef05c"
        },
        {
          "type": "cssRules",
          "assetId": "SMwKCYL_mgrC",
          "checksum": "0ff4662853881cf58eee29326afef05c"
        },
        {
          "type": "renderModule",
          "assetId": "D67pK0H5I63R",
          "checksum": "4c2b1c2c22ad85ce558768d9bad20e43"
        },
        {
          "type": "cssRules",
          "assetId": "D67pK0H5I63R",
          "checksum": "4c2b1c2c22ad85ce558768d9bad20e43"
        },
        {
          "type": "renderModule",
          "assetId": "8H5Tm-QyC1KR",
          "checksum": "263146cac2e844b6d3c950264ce02ca6"
        },
        {
          "type": "cssRules",
          "assetId": "8H5Tm-QyC1KR",
          "checksum": "263146cac2e844b6d3c950264ce02ca6"
        },
        {
          "type": "renderModule",
          "assetId": "etHRFAZvqD3X",
          "checksum": "7fbcb9147475b9a2400fd2572c3d09a5"
        },
        {
          "type": "cssRules",
          "assetId": "etHRFAZvqD3X",
          "checksum": "7fbcb9147475b9a2400fd2572c3d09a5"
        },
        {
          "type": "renderModule",
          "assetId": "Jy-FlIqpPuBk",
          "checksum": "4bb7bd4fa2f10013d044387bb43fe71c"
        },
        {
          "type": "cssRules",
          "assetId": "Jy-FlIqpPuBk",
          "checksum": "4bb7bd4fa2f10013d044387bb43fe71c"
        },
        {
          "type": "renderModule",
          "assetId": "RMcHo8XysU_a",
          "checksum": "6c6bbe8b4e336676d090afe3e64c31f7"
        },
        {
          "type": "cssRules",
          "assetId": "RMcHo8XysU_a",
          "checksum": "6c6bbe8b4e336676d090afe3e64c31f7"
        },
        {
          "type": "renderModule",
          "assetId": "tVfzeColxKZE",
          "checksum": "51811bd116d22598be5a7df1854b2a08"
        },
        {
          "type": "cssRules",
          "assetId": "tVfzeColxKZE",
          "checksum": "51811bd116d22598be5a7df1854b2a08"
        },
        {
          "type": "renderModule",
          "assetId": "HgVX1e0udXEm",
          "checksum": "0d1be716cdeefac882cf5350825634e0"
        },
        {
          "type": "cssRules",
          "assetId": "HgVX1e0udXEm",
          "checksum": "0d1be716cdeefac882cf5350825634e0"
        },
        {
          "type": "renderModule",
          "assetId": "3L64yj5mBk4M",
          "checksum": "ce76ca44ca86d4154d9ab0a81d6407db"
        },
        {
          "type": "cssRules",
          "assetId": "3L64yj5mBk4M",
          "checksum": "ce76ca44ca86d4154d9ab0a81d6407db"
        },
        {
          "type": "renderModule",
          "assetId": "YUgEz0X_nLe0",
          "checksum": "fffc78abd46da53e48f244fb590b076b"
        },
        {
          "type": "cssRules",
          "assetId": "YUgEz0X_nLe0",
          "checksum": "fffc78abd46da53e48f244fb590b076b"
        },
        {
          "type": "renderModule",
          "assetId": "4btCEaXk_wD-",
          "checksum": "37e6c6211d9797ffd3f26e59395f5e7d"
        },
        {
          "type": "cssRules",
          "assetId": "4btCEaXk_wD-",
          "checksum": "37e6c6211d9797ffd3f26e59395f5e7d"
        },
        {
          "type": "renderModule",
          "assetId": "FyvGr1rRjHhI",
          "checksum": "60183758419688dc16cb09dc2a2ece5c"
        },
        {
          "type": "cssRules",
          "assetId": "FyvGr1rRjHhI",
          "checksum": "60183758419688dc16cb09dc2a2ece5c"
        },
        {
          "type": "renderModule",
          "assetId": "BwpluhNBrLF1",
          "checksum": "96d000a4e90ed645ac8bcd1315a4812e"
        },
        {
          "type": "cssRules",
          "assetId": "BwpluhNBrLF1",
          "checksum": "96d000a4e90ed645ac8bcd1315a4812e"
        },
        {
          "type": "renderModule",
          "assetId": "aeS-XUk9mDhv",
          "checksum": "60cc7afc8eded2e85c68083bd2c811c3"
        },
        {
          "type": "cssRules",
          "assetId": "aeS-XUk9mDhv",
          "checksum": "60cc7afc8eded2e85c68083bd2c811c3"
        },
        {
          "type": "renderModule",
          "assetId": "hlYF0ZP41tLz",
          "checksum": "3fc87772172445302e1ae5d83c6dd80f"
        },
        {
          "type": "cssRules",
          "assetId": "hlYF0ZP41tLz",
          "checksum": "3fc87772172445302e1ae5d83c6dd80f"
        },
        {
          "type": "renderModule",
          "assetId": "CF1CwmaGqd6W",
          "checksum": "2520d2b07784b20e48e1d5cc8eaba6e4"
        },
        {
          "type": "cssRules",
          "assetId": "CF1CwmaGqd6W",
          "checksum": "2520d2b07784b20e48e1d5cc8eaba6e4"
        },
        {
          "type": "renderModule",
          "assetId": "vYB4XWv8WQir",
          "checksum": "4172880b45dd7d4b364016589330d662"
        },
        {
          "type": "cssRules",
          "assetId": "vYB4XWv8WQir",
          "checksum": "4172880b45dd7d4b364016589330d662"
        },
        {
          "type": "renderModule",
          "assetId": "lOFI_u-4x4my",
          "checksum": "3fa320c146b8900fdcc6da84795e4a03"
        },
        {
          "type": "cssRules",
          "assetId": "lOFI_u-4x4my",
          "checksum": "3fa320c146b8900fdcc6da84795e4a03"
        },
        {
          "type": "renderModule",
          "assetId": "o6bZuumfqGdp",
          "checksum": "dfb4806e86a7c589b3de24940bf1f96a"
        },
        {
          "type": "cssRules",
          "assetId": "o6bZuumfqGdp",
          "checksum": "dfb4806e86a7c589b3de24940bf1f96a"
        },
        {
          "type": "renderModule",
          "assetId": "z5Z6-wWeNfuS",
          "checksum": "42b69d0ead8827809ff39fb32f169744"
        },
        {
          "type": "cssRules",
          "assetId": "z5Z6-wWeNfuS",
          "checksum": "42b69d0ead8827809ff39fb32f169744"
        },
        {
          "type": "renderModule",
          "assetId": "PwmlIIsL14_x",
          "checksum": "c91fe2606503617146c8d911df159484"
        },
        {
          "type": "cssRules",
          "assetId": "PwmlIIsL14_x",
          "checksum": "c91fe2606503617146c8d911df159484"
        },
        {
          "type": "renderModule",
          "assetId": "FehyVo20I8ND",
          "checksum": "2613006e28da7c2259139c49ee2115b6"
        },
        {
          "type": "cssRules",
          "assetId": "FehyVo20I8ND",
          "checksum": "2613006e28da7c2259139c49ee2115b6"
        },
        {
          "type": "renderModule",
          "assetId": "Dfmc5H0xyay0",
          "checksum": "1fee3a0b43fe5c900c43e748a02b5bd0"
        },
        {
          "type": "cssRules",
          "assetId": "Dfmc5H0xyay0",
          "checksum": "1fee3a0b43fe5c900c43e748a02b5bd0"
        },
        {
          "type": "renderModule",
          "assetId": "IV-NswzJiDkA",
          "checksum": "114651c51eb0d8b7f2d024aecbd01d88"
        },
        {
          "type": "cssRules",
          "assetId": "IV-NswzJiDkA",
          "checksum": "114651c51eb0d8b7f2d024aecbd01d88"
        },
        {
          "type": "renderModule",
          "assetId": "HXH7JR-ZP-iD",
          "checksum": "5f67bfb89f5b7e78f6de5acfc06916ce"
        },
        {
          "type": "cssRules",
          "assetId": "HXH7JR-ZP-iD",
          "checksum": "5f67bfb89f5b7e78f6de5acfc06916ce"
        },
        {
          "type": "renderModule",
          "assetId": "kWTQGqg2Dx4y",
          "checksum": "07bf8ed43e74d8597c093d2d78bdb147"
        },
        {
          "type": "cssRules",
          "assetId": "kWTQGqg2Dx4y",
          "checksum": "07bf8ed43e74d8597c093d2d78bdb147"
        },
        {
          "type": "renderModule",
          "assetId": "zTdODAOAgstb",
          "checksum": "582c44d38ed3edbdc13fec5a2e6a9616"
        },
        {
          "type": "cssRules",
          "assetId": "zTdODAOAgstb",
          "checksum": "582c44d38ed3edbdc13fec5a2e6a9616"
        },
        {
          "type": "renderModule",
          "assetId": "DMJTnGkZeMiz",
          "checksum": "2d6924de5ccc22474ab96905a9d9b73b"
        },
        {
          "type": "cssRules",
          "assetId": "DMJTnGkZeMiz",
          "checksum": "2d6924de5ccc22474ab96905a9d9b73b"
        },
        {
          "type": "renderModule",
          "assetId": "v5Cemm665gp6",
          "checksum": "18cc1d9c1608c87166f43e375aaece67"
        },
        {
          "type": "cssRules",
          "assetId": "v5Cemm665gp6",
          "checksum": "18cc1d9c1608c87166f43e375aaece67"
        },
        {
          "type": "renderModule",
          "assetId": "MPQbn3WJ9nnV",
          "checksum": "0ded15ab84197682a825a487a6a345cc"
        },
        {
          "type": "cssRules",
          "assetId": "MPQbn3WJ9nnV",
          "checksum": "0ded15ab84197682a825a487a6a345cc"
        },
        {
          "type": "renderModule",
          "assetId": "tXJMudG_KgDC",
          "checksum": "302c728353233c07731b11bc4f0aed2e"
        },
        {
          "type": "cssRules",
          "assetId": "tXJMudG_KgDC",
          "checksum": "302c728353233c07731b11bc4f0aed2e"
        },
        {
          "type": "renderModule",
          "assetId": "AZ3lZ8OOy81U",
          "checksum": "3c409f00b8f7513d8ac52ec1d1b40803"
        },
        {
          "type": "cssRules",
          "assetId": "AZ3lZ8OOy81U",
          "checksum": "3c409f00b8f7513d8ac52ec1d1b40803"
        },
        {
          "type": "renderModule",
          "assetId": "yuSY12BxVzUt",
          "checksum": "0cdc1aa0ecdfaa807628d9b64e063873"
        },
        {
          "type": "cssRules",
          "assetId": "yuSY12BxVzUt",
          "checksum": "0cdc1aa0ecdfaa807628d9b64e063873"
        },
        {
          "type": "renderModule",
          "assetId": "qejRjjy-_3S9",
          "checksum": "9015adbdad9b9844ba270d05f2ddd3c2"
        },
        {
          "type": "cssRules",
          "assetId": "qejRjjy-_3S9",
          "checksum": "9015adbdad9b9844ba270d05f2ddd3c2"
        },
        {
          "type": "renderModule",
          "assetId": "qmGaLGxWODU7",
          "checksum": "587c7cf25ca7b13a0a7e5e9b3e8d8622"
        },
        {
          "type": "cssRules",
          "assetId": "qmGaLGxWODU7",
          "checksum": "587c7cf25ca7b13a0a7e5e9b3e8d8622"
        },
        {
          "type": "renderModule",
          "assetId": "yrDH-KZfpXl3",
          "checksum": "6862cd81cf6a82196620f06c79e8131b"
        },
        {
          "type": "cssRules",
          "assetId": "yrDH-KZfpXl3",
          "checksum": "6862cd81cf6a82196620f06c79e8131b"
        },
        {
          "type": "renderModule",
          "assetId": "NFpFCqntvWw_",
          "checksum": "5ff83e2651b808a479fbf69c72bb49a7"
        },
        {
          "type": "cssRules",
          "assetId": "NFpFCqntvWw_",
          "checksum": "5ff83e2651b808a479fbf69c72bb49a7"
        },
        {
          "type": "renderModule",
          "assetId": "V5DgyhAzYz_C",
          "checksum": "bd8f8c47ad5ee85f9cb733c1b5aca86f"
        },
        {
          "type": "cssRules",
          "assetId": "V5DgyhAzYz_C",
          "checksum": "bd8f8c47ad5ee85f9cb733c1b5aca86f"
        },
        {
          "type": "renderModule",
          "assetId": "GBScca95RuOo",
          "checksum": "929f6ae6b91b348df161ca1fa0cf76b3"
        },
        {
          "type": "cssRules",
          "assetId": "GBScca95RuOo",
          "checksum": "929f6ae6b91b348df161ca1fa0cf76b3"
        },
        {
          "type": "renderModule",
          "assetId": "n7ndL0BhVm4-",
          "checksum": "ea1b4fe489f08987fa7ebb5ac7ef6146"
        },
        {
          "type": "cssRules",
          "assetId": "n7ndL0BhVm4-",
          "checksum": "ea1b4fe489f08987fa7ebb5ac7ef6146"
        },
        {
          "type": "renderModule",
          "assetId": "eACF_em_NR97",
          "checksum": "3c6a3f483e4f63834bf0a03e59d1bf91"
        },
        {
          "type": "cssRules",
          "assetId": "eACF_em_NR97",
          "checksum": "3c6a3f483e4f63834bf0a03e59d1bf91"
        },
        {
          "type": "renderModule",
          "assetId": "f10SwOFmn0uO",
          "checksum": "3e5b743b2fcb21924253d49937c0cca6"
        },
        {
          "type": "cssRules",
          "assetId": "f10SwOFmn0uO",
          "checksum": "3e5b743b2fcb21924253d49937c0cca6"
        },
        {
          "type": "renderModule",
          "assetId": "nGhx_iZ2h_Jn",
          "checksum": "d646cd8e86a1712e970b161b36caadc6"
        },
        {
          "type": "cssRules",
          "assetId": "nGhx_iZ2h_Jn",
          "checksum": "d646cd8e86a1712e970b161b36caadc6"
        },
        {
          "type": "renderModule",
          "assetId": "HULKK0Icu5E3",
          "checksum": "e8ede267befc8accdce556e0fcbeffa2"
        },
        {
          "type": "cssRules",
          "assetId": "HULKK0Icu5E3",
          "checksum": "e8ede267befc8accdce556e0fcbeffa2"
        },
        {
          "type": "renderModule",
          "assetId": "I_HeW-rGK62W",
          "checksum": "d7289fd449c6a71f765e3d432f94f0b7"
        },
        {
          "type": "cssRules",
          "assetId": "I_HeW-rGK62W",
          "checksum": "d7289fd449c6a71f765e3d432f94f0b7"
        },
        {
          "type": "renderModule",
          "assetId": "b0WRwkBcq6Fa",
          "checksum": "cc75fec405883ce9e535e6fd01a63339"
        },
        {
          "type": "cssRules",
          "assetId": "b0WRwkBcq6Fa",
          "checksum": "cc75fec405883ce9e535e6fd01a63339"
        },
        {
          "type": "renderModule",
          "assetId": "rrP9wmPRaIEY",
          "checksum": "14fc810c0234eb6daf24909812e76971"
        },
        {
          "type": "cssRules",
          "assetId": "rrP9wmPRaIEY",
          "checksum": "14fc810c0234eb6daf24909812e76971"
        },
        {
          "type": "renderModule",
          "assetId": "Cz1go1zIfhZZ",
          "checksum": "623ef824954dbfd28126353ff375b284"
        },
        {
          "type": "cssRules",
          "assetId": "Cz1go1zIfhZZ",
          "checksum": "623ef824954dbfd28126353ff375b284"
        },
        {
          "type": "renderModule",
          "assetId": "3Q6eJgFktfuQ",
          "checksum": "89fd86bf7fa9a441071c9825c6789ac6"
        },
        {
          "type": "cssRules",
          "assetId": "3Q6eJgFktfuQ",
          "checksum": "89fd86bf7fa9a441071c9825c6789ac6"
        },
        {
          "type": "renderModule",
          "assetId": "vflzMD0cEG1j",
          "checksum": "ba24924cb2ff50a7f384b2d68e4e1348"
        },
        {
          "type": "cssRules",
          "assetId": "vflzMD0cEG1j",
          "checksum": "ba24924cb2ff50a7f384b2d68e4e1348"
        },
        {
          "type": "renderModule",
          "assetId": "Q5aLBQV7Zpaw",
          "checksum": "42e764ab9aa1e01f68f0286fd3c2fd90"
        },
        {
          "type": "cssRules",
          "assetId": "Q5aLBQV7Zpaw",
          "checksum": "42e764ab9aa1e01f68f0286fd3c2fd90"
        },
        {
          "type": "renderModule",
          "assetId": "nLQQ9UAUBUbY",
          "checksum": "84783ce780df6337092060892d267075"
        },
        {
          "type": "cssRules",
          "assetId": "nLQQ9UAUBUbY",
          "checksum": "84783ce780df6337092060892d267075"
        },
        {
          "type": "renderModule",
          "assetId": "TBGwfoojuj_s",
          "checksum": "019f538ddcd54d7439ccefcc81269760"
        },
        {
          "type": "cssRules",
          "assetId": "TBGwfoojuj_s",
          "checksum": "019f538ddcd54d7439ccefcc81269760"
        },
        {
          "type": "renderModule",
          "assetId": "XEFn2jGZQC6Q",
          "checksum": "c481aa3be8879a53142080e2af158f7d"
        },
        {
          "type": "cssRules",
          "assetId": "XEFn2jGZQC6Q",
          "checksum": "c481aa3be8879a53142080e2af158f7d"
        },
        {
          "type": "renderModule",
          "assetId": "-kGhM5VnTq5-",
          "checksum": "a1c6b0d0b646cb29faf7a4470b405054"
        },
        {
          "type": "cssRules",
          "assetId": "-kGhM5VnTq5-",
          "checksum": "a1c6b0d0b646cb29faf7a4470b405054"
        },
        {
          "type": "renderModule",
          "assetId": "eklDzLBBF2Fs",
          "checksum": "75ed4a0627484eaa75d9b251fd4889c4"
        },
        {
          "type": "cssRules",
          "assetId": "eklDzLBBF2Fs",
          "checksum": "75ed4a0627484eaa75d9b251fd4889c4"
        },
        {
          "type": "renderModule",
          "assetId": "TkXLJDEhkWy5",
          "checksum": "1b68e350627892d34fd382523c454cc1"
        },
        {
          "type": "cssRules",
          "assetId": "TkXLJDEhkWy5",
          "checksum": "1b68e350627892d34fd382523c454cc1"
        },
        {
          "type": "icon",
          "assetId": "RJhoy2uXebLi",
          "checksum": "4efad3eb8b5400913e395d502db6152e"
        },
        {
          "type": "icon",
          "assetId": "N5pcwqnXvyIA",
          "checksum": "a6e2ca1b3d58392a632401b38932827c"
        },
        {
          "type": "icon",
          "assetId": "Nqq266_PyMMr",
          "checksum": "171c4c3c7a9095991fabe4fa4413e60d"
        },
        {
          "type": "icon",
          "assetId": "Uqo7FkSg5bDB",
          "checksum": "9a283867139d17ebfe349de257e3a25e"
        },
        {
          "type": "icon",
          "assetId": "QzW1A_-yy5wC",
          "checksum": "fe03708344a2191f40fc75025682c7ba"
        },
        {
          "type": "icon",
          "assetId": "y8dKN7f6cAcg",
          "checksum": "31f862e20450a775055e05f33b427b74"
        },
        {
          "type": "icon",
          "assetId": "-Krn7G6yGJ24",
          "checksum": "ffa77122e3004857e0097fd91374713b"
        },
        {
          "type": "icon",
          "assetId": "FRb_xRn_jsVb",
          "checksum": "59f7bf1c339a2a039efebb59fbee19be"
        },
        {
          "type": "icon",
          "assetId": "Aa7-zKZ5il4D",
          "checksum": "6feaec26efeb3e35af87c49b988a71f2"
        },
        {
          "type": "icon",
          "assetId": "qmyVvZ-cKgA7",
          "checksum": "a76a2b3b63cef11a2134027a5563a59d"
        },
        {
          "type": "icon",
          "assetId": "FDJVtRFwW-v3",
          "checksum": "73a63eee2610c7c12e67004a80de7ef8"
        },
        {
          "type": "icon",
          "assetId": "YZnu0BGKqfAx",
          "checksum": "5bec1c7301e5abf30baf0f2c42f28025"
        },
        {
          "type": "icon",
          "assetId": "gEvgt8XMJi6n",
          "checksum": "9c014029eead9227793fad6cae82c6e1"
        },
        {
          "type": "icon",
          "assetId": "VXepQJCQjLRp",
          "checksum": "1e3d2a5fb551d8cf25d9d71f837bf4db"
        },
        {
          "type": "icon",
          "assetId": "L81G61vIx8Jz",
          "checksum": "18823d16a9bb56f23b5fb9508632f224"
        },
        {
          "type": "icon",
          "assetId": "dBMGk_1G9adU",
          "checksum": "8b7ded5006d5637a58e1a0981e112f57"
        },
        {
          "type": "icon",
          "assetId": "irm0LfovoQ30",
          "checksum": "0411adec7331eca4f88204f7a6724683"
        },
        {
          "type": "icon",
          "assetId": "m9a2gWg7CKMZ",
          "checksum": "5c5a1a786cd354646c0a0a04761fc578"
        },
        {
          "type": "icon",
          "assetId": "cqd6vif5shJt",
          "checksum": "794cd54c26425d216af24b3d486a88c0"
        },
        {
          "type": "icon",
          "assetId": "djixLveZj3dZ",
          "checksum": "ce6e701c3ee696a91714b83cd197308c"
        },
        {
          "type": "icon",
          "assetId": "y4HO7C4mXdpM",
          "checksum": "ebb54710ade0e1e250a2f256de53bae2"
        },
        {
          "type": "icon",
          "assetId": "vfjOzqyXVw0B",
          "checksum": "f46c47b007096d26dde335afe91b1fed"
        },
        {
          "type": "icon",
          "assetId": "jwvhv7uUCavY",
          "checksum": "8bcc2651a7244bc9e76eaec663247b99"
        },
        {
          "type": "icon",
          "assetId": "r_oLB18904TM",
          "checksum": "10336025edb9598bb6c514c54c09140d"
        },
        {
          "type": "icon",
          "assetId": "cPFZLkeWzW9q",
          "checksum": "152ca9ce0154776557bf56fee0ebd97a"
        },
        {
          "type": "icon",
          "assetId": "qjqRxaSKggf6",
          "checksum": "79e1397ac968d08a5eb25ceaae7e5256"
        },
        {
          "type": "icon",
          "assetId": "661nEHocwV7y",
          "checksum": "58a1e9a0c0a9ef054f2ed1a0211524a3"
        },
        {
          "type": "icon",
          "assetId": "1Xd6dHg9tsaq",
          "checksum": "b45c4351ac76b4cb80d3bba7982ad8ab"
        },
        {
          "type": "icon",
          "assetId": "EWmc4xh6S23L",
          "checksum": "fc5344a9e2131d2772049bee809f2e77"
        },
        {
          "type": "icon",
          "assetId": "x-B0c-1mf1j1",
          "checksum": "9c9355b894aee472830ab71de56bba18"
        },
        {
          "type": "icon",
          "assetId": "EYm8WNjOOVtF",
          "checksum": "cc8936860b1a669bd8328f5cf7f65ffa"
        },
        {
          "type": "icon",
          "assetId": "lJCBcApDldfA",
          "checksum": "dca5d307fb9d0f32661ea23e261c2330"
        },
        {
          "type": "icon",
          "assetId": "XOmeUNcoMU1p",
          "checksum": "528cc00150b921c8125be9be5921bd49"
        },
        {
          "type": "icon",
          "assetId": "EpzLaLJB5Jbg",
          "checksum": "9110090ef71e4161be0b5fb75c14001d"
        },
        {
          "type": "icon",
          "assetId": "XxMRFqgVTs2_",
          "checksum": "5bdcab352626c148dd461f4c9714f09d"
        },
        {
          "type": "icon",
          "assetId": "hiKE_LYloP9D",
          "checksum": "1631a8e6138b107e8f1e5568cbab2e9a"
        },
        {
          "type": "icon",
          "assetId": "9N5H-rOFV_bu",
          "checksum": "0589e70e0ea311099e6b38774ce61b44"
        },
        {
          "type": "icon",
          "assetId": "_umAlhVt9xRo",
          "checksum": "564c2d6de45f588107eae6850df0c1a8"
        },
        {
          "type": "icon",
          "assetId": "5pFFMCb26X34",
          "checksum": "7b3813e02f84d4b62a7d049b33099535"
        },
        {
          "type": "icon",
          "assetId": "SZ3fJaOdVuuD",
          "checksum": "565e02619c204c2bdb1d7a4a8c4e3c43"
        },
        {
          "type": "icon",
          "assetId": "6nCbZoQrlmtR",
          "checksum": "ae93bb2044dff59ae3e179bceaff78b2"
        },
        {
          "type": "icon",
          "assetId": "-VPFWWv7xijb",
          "checksum": "b66705b324785c05015bad6b3d9c9a89"
        },
        {
          "type": "icon",
          "assetId": "vB451mzkjfyo",
          "checksum": "e95b824e69b425934dd22b8ca1387335"
        },
        {
          "type": "icon",
          "assetId": "tyQgj-QIZz3j",
          "checksum": "b8af91b64dee39690c259a89cdb19b0e"
        },
        {
          "type": "icon",
          "assetId": "TFtNIVhN9Wom",
          "checksum": "461ea9bafb80bd3ac56e2bd5e9472cc8"
        },
        {
          "type": "icon",
          "assetId": "EehhDuyfL7cD",
          "checksum": "bb6f853711463181279aaad9d5c86529"
        },
        {
          "type": "icon",
          "assetId": "6_nZ62T2xzfF",
          "checksum": "c3ac6a9564772633c07b7b8e3b59bc95"
        },
        {
          "type": "icon",
          "assetId": "S1Zz3vf4WniY",
          "checksum": "1d3ed21673750cd80a965748f4021cc8"
        },
        {
          "type": "icon",
          "assetId": "VAVlAq7L0BHo",
          "checksum": "d5103baa7680ea2f0e0e7f944b95968f"
        },
        {
          "type": "icon",
          "assetId": "TkD4udXWFnik",
          "checksum": "63fcc5f3d7fadd39e3175d2cf956c4e4"
        },
        {
          "type": "icon",
          "assetId": "DQwOsaFY71Mq",
          "checksum": "9489421218792ef39a135ed9a0bfa385"
        },
        {
          "type": "icon",
          "assetId": "PNl4g-HAg44L",
          "checksum": "5a5bbe9032650596d4482ccbd2f8f3c1"
        },
        {
          "type": "icon",
          "assetId": "htSCY1RVmr1Z",
          "checksum": "647a5cc702e58810f33fb10bc472b8ed"
        },
        {
          "type": "icon",
          "assetId": "VVeQgijoWczy",
          "checksum": "f967330c28753d56afef274364625ccb"
        },
        {
          "type": "image",
          "assetId": "KRJqPWMlQggx",
          "checksum": "8dc711440485994d5bdd3cb17a6d164a"
        },
        {
          "type": "image",
          "assetId": "gReFPNOLzNC3",
          "checksum": "f0909d3acedbea530efd48344a9a2935"
        },
        {
          "type": "renderModule",
          "assetId": "6bHlyAAYDDD1",
          "checksum": "dff795997f8bdba7b4893cd77fbe0ed5"
        },
        {
          "type": "cssRules",
          "assetId": "6bHlyAAYDDD1",
          "checksum": "dff795997f8bdba7b4893cd77fbe0ed5"
        },
        {
          "type": "renderModule",
          "assetId": "-uRlja6eTV8U",
          "checksum": "ee76338f68a59e0e37608b28a62fa3f4"
        },
        {
          "type": "cssRules",
          "assetId": "-uRlja6eTV8U",
          "checksum": "ee76338f68a59e0e37608b28a62fa3f4"
        },
        {
          "type": "icon",
          "assetId": "ol26aUpgzldx",
          "checksum": "7e54995899db11b8bf2dfb13fd1361f9"
        },
        {
          "type": "image",
          "assetId": "pQG0AxB_2qgY",
          "checksum": "fc7d3f1f56ce90de36735bbfba915a2c"
        },
        {
          "type": "globalVariant",
          "assetId": "G0urM0rvD4xu",
          "checksum": "8a288c92e26e2ac01b281ff22d47e670"
        },
        {
          "assetId": "a37ZtVtYSDC6FmRkqCLyA3",
          "type": "projectCss",
          "checksum": "3929e9970e930181bd78e3237d751aeb"
        }
      ],
      "codegenVersion": "0.0.1"
    }
  ],
  "cliVersion": "0.1.340"
}
